// !$*UTF8*$!
{
	archiveVersion = 1;
	classes = {
	};
	objectVersion = 46;
	objects = {
/* Begin PBXBuildFile section */
		00C302E51ABCBA2D00DB3ED1 /* libRCTActionSheet.a in Frameworks */ = {isa = PBXBuildFile; fileRef = 00C302AC1ABCB8CE00DB3ED1 /* libRCTActionSheet.a */; };
		00C302E71ABCBA2D00DB3ED1 /* libRCTGeolocation.a in Frameworks */ = {isa = PBXBuildFile; fileRef = 00C302BA1ABCB90400DB3ED1 /* libRCTGeolocation.a */; };
		00C302E81ABCBA2D00DB3ED1 /* libRCTImage.a in Frameworks */ = {isa = PBXBuildFile; fileRef = 00C302C01ABCB91800DB3ED1 /* libRCTImage.a */; };
		00C302E91ABCBA2D00DB3ED1 /* libRCTNetwork.a in Frameworks */ = {isa = PBXBuildFile; fileRef = 00C302DC1ABCB9D200DB3ED1 /* libRCTNetwork.a */; };
		00C302EA1ABCBA2D00DB3ED1 /* libRCTVibration.a in Frameworks */ = {isa = PBXBuildFile; fileRef = 00C302E41ABCB9EE00DB3ED1 /* libRCTVibration.a */; };
		0BD350148D1C48349E398F40 /* GothamRounded-Medium.otf in Resources */ = {isa = PBXBuildFile; fileRef = 982B150E498E42D5854BA4DA /* GothamRounded-Medium.otf */; };
		0E2CB8BD15F74AAE84B4DF9E /* AGaramondPro-Italic.otf in Resources */ = {isa = PBXBuildFile; fileRef = 5500175BE913408BAE00D130 /* AGaramondPro-Italic.otf */; };
		106E9A5CB0AC486282974C2B /* AGaramondPro-BoldItalic.otf in Resources */ = {isa = PBXBuildFile; fileRef = A5AB7738E40748BE96AC736D /* AGaramondPro-BoldItalic.otf */; };
		133E29F31AD74F7200F7D852 /* libRCTLinking.a in Frameworks */ = {isa = PBXBuildFile; fileRef = 78C398B91ACF4ADC00677621 /* libRCTLinking.a */; };
		139105C61AF99C1200B5F7CC /* libRCTSettings.a in Frameworks */ = {isa = PBXBuildFile; fileRef = 139105C11AF99BAD00B5F7CC /* libRCTSettings.a */; };
		139FDEF61B0652A700C62182 /* libRCTWebSocket.a in Frameworks */ = {isa = PBXBuildFile; fileRef = 139FDEF41B06529B00C62182 /* libRCTWebSocket.a */; };
		13B07FBC1A68108700A75B9A /* AppDelegate.m in Sources */ = {isa = PBXBuildFile; fileRef = 13B07FB01A68108700A75B9A /* AppDelegate.m */; };
		13B07FBD1A68108700A75B9A /* LaunchScreen.xib in Resources */ = {isa = PBXBuildFile; fileRef = 13B07FB11A68108700A75B9A /* LaunchScreen.xib */; };
		13B07FBF1A68108700A75B9A /* Images.xcassets in Resources */ = {isa = PBXBuildFile; fileRef = 13B07FB51A68108700A75B9A /* Images.xcassets */; };
		13B07FC11A68108700A75B9A /* main.m in Sources */ = {isa = PBXBuildFile; fileRef = 13B07FB71A68108700A75B9A /* main.m */; };
		146834051AC3E58100842450 /* libReact.a in Frameworks */ = {isa = PBXBuildFile; fileRef = 146834041AC3E56700842450 /* libReact.a */; };
		21360FC8766B459CA1240DF8 /* AGaramondPro-Bold.otf in Resources */ = {isa = PBXBuildFile; fileRef = 0BE621FC0EF245D887704586 /* AGaramondPro-Bold.otf */; };
		23A6B8253C8C45D1B88EEE5E /* AGaramondPro-Semibold.otf in Resources */ = {isa = PBXBuildFile; fileRef = 0238FC0ECB514AE0BDCC25A4 /* AGaramondPro-Semibold.otf */; };
		2D6253E0655F4BF1B77986E0 /* RNMotionManagerTests.xctest in Frameworks */ = {isa = PBXBuildFile; fileRef = 34287F2D7C12499582010BD7 /* RNMotionManagerTests.xctest */; };
		31DC3F22BBE14F14B4A399A1 /* AGaramondPro-BoldItalic.otf in Resources */ = {isa = PBXBuildFile; fileRef = 45D26B6EDD084208A23CF5CE /* AGaramondPro-BoldItalic.otf */; };
		3429D9591E1A4749B98CD947 /* ClairvauxLTStd.otf in Resources */ = {isa = PBXBuildFile; fileRef = F88B7B6A99F848F581815EEB /* ClairvauxLTStd.otf */; };
		3CCE3C08A4BC4D04826B5232 /* GothamRoundedBook_21018.ttf in Resources */ = {isa = PBXBuildFile; fileRef = 1A045138FD3640C0BF68E6B9 /* GothamRoundedBook_21018.ttf */; };
		424C18B9E0BC4C888E1DF3FC /* AGaramondPro-Semibold.otf in Resources */ = {isa = PBXBuildFile; fileRef = E4F84D2512BD4317900DF01F /* AGaramondPro-Semibold.otf */; };
		4669FB552D4241D890D190EF /* GothamRoundedLight_21020.ttf in Resources */ = {isa = PBXBuildFile; fileRef = 7DC543865137420CBFC397C5 /* GothamRoundedLight_21020.ttf */; };
		50685A0E11D64C7DAF7C847C /* GothamRounded-MediumItalic.otf in Resources */ = {isa = PBXBuildFile; fileRef = C40D831DE2264DF6ADD40FA4 /* GothamRounded-MediumItalic.otf */; };
		548904B60F7E4DA0978A5FA5 /* libRNMotionManager.a in Frameworks */ = {isa = PBXBuildFile; fileRef = 8005E1918D4D4E4D8713D22C /* libRNMotionManager.a */; };
		5734C0D7EC4643E0A4011839 /* libRNSVG.a in Frameworks */ = {isa = PBXBuildFile; fileRef = CD517FEE065B43C880C0D479 /* libRNSVG.a */; };
		584552A504DA42DF81AFA787 /* GothamRounded-LightItalic.otf in Resources */ = {isa = PBXBuildFile; fileRef = D8863E104C134AA1B1786785 /* GothamRounded-LightItalic.otf */; };
		592391CB20A5E44A00BA39C8 /* ApngPlayerManager.swift in Sources */ = {isa = PBXBuildFile; fileRef = 592391C820A5E44A00BA39C8 /* ApngPlayerManager.swift */; };
		592391CC20A5E44A00BA39C8 /* ApngPlayerBridge.m in Sources */ = {isa = PBXBuildFile; fileRef = 592391C920A5E44A00BA39C8 /* ApngPlayerBridge.m */; };
		592391CD20A5E44A00BA39C8 /* ApngPlayer.swift in Sources */ = {isa = PBXBuildFile; fileRef = 592391CA20A5E44A00BA39C8 /* ApngPlayer.swift */; };
		592391D020A5E47100BA39C8 /* Cartfile in Resources */ = {isa = PBXBuildFile; fileRef = 592391CF20A5E47100BA39C8 /* Cartfile */; };
		592391D320A5E4F500BA39C8 /* APNGKit.framework in Frameworks */ = {isa = PBXBuildFile; fileRef = 592391D220A5E4F500BA39C8 /* APNGKit.framework */; };
		5C5005D3DDE2486183CD5F78 /* AGaramondPro-Italic.otf in Resources */ = {isa = PBXBuildFile; fileRef = 29FEAA23C5D84781A2C9007A /* AGaramondPro-Italic.otf */; };
		5E9157361DD0AC6A00FF2AA8 /* libRCTAnimation.a in Frameworks */ = {isa = PBXBuildFile; fileRef = 5E9157331DD0AC6500FF2AA8 /* libRCTAnimation.a */; };
		5F89F38AED714672B20E19FE /* GothamRounded-BoldItalic.otf in Resources */ = {isa = PBXBuildFile; fileRef = 6D3B03B516AD43099D6BBC44 /* GothamRounded-BoldItalic.otf */; };
		602F4119362A44139D041EBC /* GothamRounded-BookItalic.otf in Resources */ = {isa = PBXBuildFile; fileRef = CB841DC58C6D4F88B2C9AFEA /* GothamRounded-BookItalic.otf */; };
		63665B480C164EED843ECACA /* AGaramondPro-SemiboldItalic.otf in Resources */ = {isa = PBXBuildFile; fileRef = 92313714D8954640908593E0 /* AGaramondPro-SemiboldItalic.otf */; };
		689EE124FD3942E29AED806B /* GothamRounded-BoldItalic.otf in Resources */ = {isa = PBXBuildFile; fileRef = A5F6622D108144488E3EAA18 /* GothamRounded-BoldItalic.otf */; };
		71B45832463C4D9EB02AF3B7 /* GothamRoundedLight_21020.ttf in Resources */ = {isa = PBXBuildFile; fileRef = 130FECD60A3243E2A9CEDBCC /* GothamRoundedLight_21020.ttf */; };
		7F68652532764F2C995CD3E4 /* GothamRounded-Light.otf in Resources */ = {isa = PBXBuildFile; fileRef = F6B5FF9FDC57433DA0365B0B /* GothamRounded-Light.otf */; };
		832341BD1AAA6AB300B99B32 /* libRCTText.a in Frameworks */ = {isa = PBXBuildFile; fileRef = 832341B51AAA6A8300B99B32 /* libRCTText.a */; };
		9FF3726D196F4B2589C66B1E /* libVoice.a in Frameworks */ = {isa = PBXBuildFile; fileRef = C6CB7038785F45A08ED85D4F /* libVoice.a */; };
		A4AEE056D8E445FE8EC61D4F /* GothamRounded-Book.otf in Resources */ = {isa = PBXBuildFile; fileRef = F2DE3032711644AFA00EBB03 /* GothamRounded-Book.otf */; };
		A58EF36DA2DA4858A0F00AEE /* GothamRoundedMedium_21022.ttf in Resources */ = {isa = PBXBuildFile; fileRef = A3F402071E81448488D050A9 /* GothamRoundedMedium_21022.ttf */; };
		A7CE7048F2414FB2940FA187 /* AGaramondPro-SemiboldItalic.otf in Resources */ = {isa = PBXBuildFile; fileRef = E31C3787A76F45E2A3C578E8 /* AGaramondPro-SemiboldItalic.otf */; };
		A81B25BF4E834BDABA4CABEF /* Respira-Black.otf in Resources */ = {isa = PBXBuildFile; fileRef = 0BF786A07AC048869E8BD122 /* Respira-Black.otf */; };
		A8C83A3E47314E9B969F8FA4 /* GothamRounded-Medium.otf in Resources */ = {isa = PBXBuildFile; fileRef = 19A2EA0C0B91449CAD65713B /* GothamRounded-Medium.otf */; };
		AAEDB098431F419E84E54FC9 /* GothamRounded-Bold.otf in Resources */ = {isa = PBXBuildFile; fileRef = 76E8A53C89BC46C0AF245DD0 /* GothamRounded-Bold.otf */; };
		ADBDB9381DFEBF1600ED6528 /* libRCTBlob.a in Frameworks */ = {isa = PBXBuildFile; fileRef = ADBDB9271DFEBF0700ED6528 /* libRCTBlob.a */; };
		B37F70004D4D4D7ABB8E6E40 /* AGaramondPro-Regular.otf in Resources */ = {isa = PBXBuildFile; fileRef = 5DC91138DD2941C6A17E83DC /* AGaramondPro-Regular.otf */; };
		C4A91139133E4D5EAF97EB88 /* GothamRoundedMedium_21022.ttf in Resources */ = {isa = PBXBuildFile; fileRef = 063F262FBBFD4178B1D0A958 /* GothamRoundedMedium_21022.ttf */; };
		CA85A7931DF347AB97AFFF41 /* GothamRounded-Light.otf in Resources */ = {isa = PBXBuildFile; fileRef = CE5E59AEDB0144EC8B74CF42 /* GothamRounded-Light.otf */; };
		CD29E0A094DF422A87BED803 /* GothamRounded-LightItalic.otf in Resources */ = {isa = PBXBuildFile; fileRef = F4B846B585CE461FA23F112B /* GothamRounded-LightItalic.otf */; };
		D01E60442670452091E470D2 /* GothamRoundedBold_21016.ttf in Resources */ = {isa = PBXBuildFile; fileRef = 4077C3A468384D52A4740C7F /* GothamRoundedBold_21016.ttf */; };
		D40FAFD360E34CE3AA3F73BB /* AGaramondPro-Regular.otf in Resources */ = {isa = PBXBuildFile; fileRef = 7ECE1D80412749BEBC50D4C5 /* AGaramondPro-Regular.otf */; };
		D5F1004E4B43426EB0038B63 /* GothamRounded-MediumItalic.otf in Resources */ = {isa = PBXBuildFile; fileRef = 3BB82BF9DC184231B0330607 /* GothamRounded-MediumItalic.otf */; };
		DCE15C3FE3EE45D8AD6D6C32 /* GothamRoundedBold_21016.ttf in Resources */ = {isa = PBXBuildFile; fileRef = 93700A2842844C9AAB9B15ED /* GothamRoundedBold_21016.ttf */; };
		DF01CA4DF69B493D82F684E8 /* GothamRounded-Book.otf in Resources */ = {isa = PBXBuildFile; fileRef = 23DF7CA419DE436E93C89E38 /* GothamRounded-Book.otf */; };
		DF71C33FF33046E884F5CB8D /* GothamRounded-BookItalic.otf in Resources */ = {isa = PBXBuildFile; fileRef = 8C63893C08BC4E8A92618FBB /* GothamRounded-BookItalic.otf */; };
		E577C854D9884FAAAB730BC8 /* GothamRounded-Bold.otf in Resources */ = {isa = PBXBuildFile; fileRef = E81C6844C94B4970940E53F9 /* GothamRounded-Bold.otf */; };
		F2EDAC2488F14E2E8294A1E3 /* ClairvauxLTStd.otf in Resources */ = {isa = PBXBuildFile; fileRef = E0009BFA5CD7428DA76C53DE /* ClairvauxLTStd.otf */; };
		F3910E145911453FA2C17A40 /* GothamRoundedBook_21018.ttf in Resources */ = {isa = PBXBuildFile; fileRef = F44911459DBF4F8DB8E71A87 /* GothamRoundedBook_21018.ttf */; };
		FBBF6C7F0BC042579359DCB8 /* Respira-Black.otf in Resources */ = {isa = PBXBuildFile; fileRef = E0278249D79F4B93896BF44D /* Respira-Black.otf */; };
		FD9CFD084D394372BAC76FF8 /* AGaramondPro-Bold.otf in Resources */ = {isa = PBXBuildFile; fileRef = 3F751D8CD00A4D559AD1C200 /* AGaramondPro-Bold.otf */; };
/* End PBXBuildFile section */

/* Begin PBXContainerItemProxy section */
		00C302AB1ABCB8CE00DB3ED1 /* PBXContainerItemProxy */ = {
			isa = PBXContainerItemProxy;
			containerPortal = 00C302A71ABCB8CE00DB3ED1 /* RCTActionSheet.xcodeproj */;
			proxyType = 2;
			remoteGlobalIDString = 134814201AA4EA6300B7C361;
			remoteInfo = RCTActionSheet;
		};
		00C302B91ABCB90400DB3ED1 /* PBXContainerItemProxy */ = {
			isa = PBXContainerItemProxy;
			containerPortal = 00C302B51ABCB90400DB3ED1 /* RCTGeolocation.xcodeproj */;
			proxyType = 2;
			remoteGlobalIDString = 134814201AA4EA6300B7C361;
			remoteInfo = RCTGeolocation;
		};
		00C302BF1ABCB91800DB3ED1 /* PBXContainerItemProxy */ = {
			isa = PBXContainerItemProxy;
			containerPortal = 00C302BB1ABCB91800DB3ED1 /* RCTImage.xcodeproj */;
			proxyType = 2;
			remoteGlobalIDString = 58B5115D1A9E6B3D00147676;
			remoteInfo = RCTImage;
		};
		00C302DB1ABCB9D200DB3ED1 /* PBXContainerItemProxy */ = {
			isa = PBXContainerItemProxy;
			containerPortal = 00C302D31ABCB9D200DB3ED1 /* RCTNetwork.xcodeproj */;
			proxyType = 2;
			remoteGlobalIDString = 58B511DB1A9E6C8500147676;
			remoteInfo = RCTNetwork;
		};
		00C302E31ABCB9EE00DB3ED1 /* PBXContainerItemProxy */ = {
			isa = PBXContainerItemProxy;
			containerPortal = 00C302DF1ABCB9EE00DB3ED1 /* RCTVibration.xcodeproj */;
			proxyType = 2;
			remoteGlobalIDString = 832C81801AAF6DEF007FA2F7;
			remoteInfo = RCTVibration;
		};
		139105C01AF99BAD00B5F7CC /* PBXContainerItemProxy */ = {
			isa = PBXContainerItemProxy;
			containerPortal = 139105B61AF99BAD00B5F7CC /* RCTSettings.xcodeproj */;
			proxyType = 2;
			remoteGlobalIDString = 134814201AA4EA6300B7C361;
			remoteInfo = RCTSettings;
		};
		139FDEF31B06529B00C62182 /* PBXContainerItemProxy */ = {
			isa = PBXContainerItemProxy;
			containerPortal = 139FDEE61B06529A00C62182 /* RCTWebSocket.xcodeproj */;
			proxyType = 2;
			remoteGlobalIDString = 3C86DF461ADF2C930047B81A;
			remoteInfo = RCTWebSocket;
		};
		146834031AC3E56700842450 /* PBXContainerItemProxy */ = {
			isa = PBXContainerItemProxy;
			containerPortal = 146833FF1AC3E56700842450 /* React.xcodeproj */;
			proxyType = 2;
			remoteGlobalIDString = 83CBBA2E1A601D0E00E9B192;
			remoteInfo = React;
		};
		2879ED7C20AEFBF600924F5A /* PBXContainerItemProxy */ = {
			isa = PBXContainerItemProxy;
			containerPortal = 28E490D5B1D54DF593D851E4 /* RNSVG.xcodeproj */;
			proxyType = 2;
			remoteGlobalIDString = 0CF68AC11AF0540F00FF9E5C;
			remoteInfo = RNSVG;
		};
		2879ED7E20AEFBF600924F5A /* PBXContainerItemProxy */ = {
			isa = PBXContainerItemProxy;
			containerPortal = 28E490D5B1D54DF593D851E4 /* RNSVG.xcodeproj */;
			proxyType = 2;
			remoteGlobalIDString = 94DDAC5C1F3D024300EED511;
			remoteInfo = "RNSVG-tvOS";
		};
		287CFD7720AEC07C00D1338D /* PBXContainerItemProxy */ = {
			isa = PBXContainerItemProxy;
			containerPortal = D9CCF6DD046A4585A8CD9AA9 /* RNMotionManager.xcodeproj */;
			proxyType = 2;
			remoteGlobalIDString = BB9CC7F81AE0A2EB008A1D08;
			remoteInfo = RNMotionManagerTests;
		};
		2D16E6711FA4F8DC00B85C8A /* PBXContainerItemProxy */ = {
			isa = PBXContainerItemProxy;
			containerPortal = ADBDB91F1DFEBF0600ED6528 /* RCTBlob.xcodeproj */;
			proxyType = 2;
			remoteGlobalIDString = ADD01A681E09402E00F6D226;
			remoteInfo = "RCTBlob-tvOS";
		};
		2D16E6831FA4F8DC00B85C8A /* PBXContainerItemProxy */ = {
			isa = PBXContainerItemProxy;
			containerPortal = 139FDEE61B06529A00C62182 /* RCTWebSocket.xcodeproj */;
			proxyType = 2;
			remoteGlobalIDString = 3DBE0D001F3B181A0099AA32;
			remoteInfo = fishhook;
		};
		2D16E6851FA4F8DC00B85C8A /* PBXContainerItemProxy */ = {
			isa = PBXContainerItemProxy;
			containerPortal = 139FDEE61B06529A00C62182 /* RCTWebSocket.xcodeproj */;
			proxyType = 2;
			remoteGlobalIDString = 3DBE0D0D1F3B181C0099AA32;
			remoteInfo = "fishhook-tvOS";
		};
		2DF0FFDE2056DD460020B375 /* PBXContainerItemProxy */ = {
			isa = PBXContainerItemProxy;
			containerPortal = 146833FF1AC3E56700842450 /* React.xcodeproj */;
			proxyType = 2;
			remoteGlobalIDString = EBF21BDC1FC498900052F4D5;
			remoteInfo = jsinspector;
		};
		2DF0FFE02056DD460020B375 /* PBXContainerItemProxy */ = {
			isa = PBXContainerItemProxy;
			containerPortal = 146833FF1AC3E56700842450 /* React.xcodeproj */;
			proxyType = 2;
			remoteGlobalIDString = EBF21BFA1FC4989A0052F4D5;
			remoteInfo = "jsinspector-tvOS";
		};
		2DF0FFE22056DD460020B375 /* PBXContainerItemProxy */ = {
			isa = PBXContainerItemProxy;
			containerPortal = 146833FF1AC3E56700842450 /* React.xcodeproj */;
			proxyType = 2;
			remoteGlobalIDString = 139D7ECE1E25DB7D00323FB7;
			remoteInfo = "third-party";
		};
		2DF0FFE42056DD460020B375 /* PBXContainerItemProxy */ = {
			isa = PBXContainerItemProxy;
			containerPortal = 146833FF1AC3E56700842450 /* React.xcodeproj */;
			proxyType = 2;
			remoteGlobalIDString = 3D383D3C1EBD27B6005632C8;
			remoteInfo = "third-party-tvOS";
		};
		2DF0FFE62056DD460020B375 /* PBXContainerItemProxy */ = {
			isa = PBXContainerItemProxy;
			containerPortal = 146833FF1AC3E56700842450 /* React.xcodeproj */;
			proxyType = 2;
			remoteGlobalIDString = 139D7E881E25C6D100323FB7;
			remoteInfo = "double-conversion";
		};
		2DF0FFE82056DD460020B375 /* PBXContainerItemProxy */ = {
			isa = PBXContainerItemProxy;
			containerPortal = 146833FF1AC3E56700842450 /* React.xcodeproj */;
			proxyType = 2;
			remoteGlobalIDString = 3D383D621EBD27B9005632C8;
			remoteInfo = "double-conversion-tvOS";
		};
		2DF0FFEA2056DD460020B375 /* PBXContainerItemProxy */ = {
			isa = PBXContainerItemProxy;
			containerPortal = 146833FF1AC3E56700842450 /* React.xcodeproj */;
			proxyType = 2;
			remoteGlobalIDString = 9936F3131F5F2E4B0010BF04;
			remoteInfo = privatedata;
		};
		2DF0FFEC2056DD460020B375 /* PBXContainerItemProxy */ = {
			isa = PBXContainerItemProxy;
			containerPortal = 146833FF1AC3E56700842450 /* React.xcodeproj */;
			proxyType = 2;
			remoteGlobalIDString = 9936F32F1F5F2E5B0010BF04;
			remoteInfo = "privatedata-tvOS";
		};
		3DAD3E831DF850E9000B6D8A /* PBXContainerItemProxy */ = {
			isa = PBXContainerItemProxy;
			containerPortal = 00C302BB1ABCB91800DB3ED1 /* RCTImage.xcodeproj */;
			proxyType = 2;
			remoteGlobalIDString = 2D2A283A1D9B042B00D4039D;
			remoteInfo = "RCTImage-tvOS";
		};
		3DAD3E871DF850E9000B6D8A /* PBXContainerItemProxy */ = {
			isa = PBXContainerItemProxy;
			containerPortal = 78C398B01ACF4ADC00677621 /* RCTLinking.xcodeproj */;
			proxyType = 2;
			remoteGlobalIDString = 2D2A28471D9B043800D4039D;
			remoteInfo = "RCTLinking-tvOS";
		};
		3DAD3E8B1DF850E9000B6D8A /* PBXContainerItemProxy */ = {
			isa = PBXContainerItemProxy;
			containerPortal = 00C302D31ABCB9D200DB3ED1 /* RCTNetwork.xcodeproj */;
			proxyType = 2;
			remoteGlobalIDString = 2D2A28541D9B044C00D4039D;
			remoteInfo = "RCTNetwork-tvOS";
		};
		3DAD3E8F1DF850E9000B6D8A /* PBXContainerItemProxy */ = {
			isa = PBXContainerItemProxy;
			containerPortal = 139105B61AF99BAD00B5F7CC /* RCTSettings.xcodeproj */;
			proxyType = 2;
			remoteGlobalIDString = 2D2A28611D9B046600D4039D;
			remoteInfo = "RCTSettings-tvOS";
		};
		3DAD3E931DF850E9000B6D8A /* PBXContainerItemProxy */ = {
			isa = PBXContainerItemProxy;
			containerPortal = 832341B01AAA6A8300B99B32 /* RCTText.xcodeproj */;
			proxyType = 2;
			remoteGlobalIDString = 2D2A287B1D9B048500D4039D;
			remoteInfo = "RCTText-tvOS";
		};
		3DAD3E981DF850E9000B6D8A /* PBXContainerItemProxy */ = {
			isa = PBXContainerItemProxy;
			containerPortal = 139FDEE61B06529A00C62182 /* RCTWebSocket.xcodeproj */;
			proxyType = 2;
			remoteGlobalIDString = 2D2A28881D9B049200D4039D;
			remoteInfo = "RCTWebSocket-tvOS";
		};
		3DAD3EA21DF850E9000B6D8A /* PBXContainerItemProxy */ = {
			isa = PBXContainerItemProxy;
			containerPortal = 146833FF1AC3E56700842450 /* React.xcodeproj */;
			proxyType = 2;
			remoteGlobalIDString = 2D2A28131D9B038B00D4039D;
			remoteInfo = "React-tvOS";
		};
		3DAD3EA41DF850E9000B6D8A /* PBXContainerItemProxy */ = {
			isa = PBXContainerItemProxy;
			containerPortal = 146833FF1AC3E56700842450 /* React.xcodeproj */;
			proxyType = 2;
			remoteGlobalIDString = 3D3C059A1DE3340900C268FA;
			remoteInfo = yoga;
		};
		3DAD3EA61DF850E9000B6D8A /* PBXContainerItemProxy */ = {
			isa = PBXContainerItemProxy;
			containerPortal = 146833FF1AC3E56700842450 /* React.xcodeproj */;
			proxyType = 2;
			remoteGlobalIDString = 3D3C06751DE3340C00C268FA;
			remoteInfo = "yoga-tvOS";
		};
		3DAD3EA81DF850E9000B6D8A /* PBXContainerItemProxy */ = {
			isa = PBXContainerItemProxy;
			containerPortal = 146833FF1AC3E56700842450 /* React.xcodeproj */;
			proxyType = 2;
			remoteGlobalIDString = 3D3CD9251DE5FBEC00167DC4;
			remoteInfo = cxxreact;
		};
		3DAD3EAA1DF850E9000B6D8A /* PBXContainerItemProxy */ = {
			isa = PBXContainerItemProxy;
			containerPortal = 146833FF1AC3E56700842450 /* React.xcodeproj */;
			proxyType = 2;
			remoteGlobalIDString = 3D3CD9321DE5FBEE00167DC4;
			remoteInfo = "cxxreact-tvOS";
		};
		3DAD3EAC1DF850E9000B6D8A /* PBXContainerItemProxy */ = {
			isa = PBXContainerItemProxy;
			containerPortal = 146833FF1AC3E56700842450 /* React.xcodeproj */;
			proxyType = 2;
			remoteGlobalIDString = 3D3CD90B1DE5FBD600167DC4;
			remoteInfo = jschelpers;
		};
		3DAD3EAE1DF850E9000B6D8A /* PBXContainerItemProxy */ = {
			isa = PBXContainerItemProxy;
			containerPortal = 146833FF1AC3E56700842450 /* React.xcodeproj */;
			proxyType = 2;
			remoteGlobalIDString = 3D3CD9181DE5FBD800167DC4;
			remoteInfo = "jschelpers-tvOS";
		};
		5974683B2088B72D00608E07 /* PBXContainerItemProxy */ = {
			isa = PBXContainerItemProxy;
			containerPortal = D9CCF6DD046A4585A8CD9AA9 /* RNMotionManager.xcodeproj */;
			proxyType = 2;
			remoteGlobalIDString = BB9CC7ED1AE0A2EB008A1D08;
			remoteInfo = RNMotionManager;
		};
		59CB206A20874B1500BC8E84 /* PBXContainerItemProxy */ = {
			isa = PBXContainerItemProxy;
			containerPortal = 00765B4D46824E2E9A4F9357 /* Voice.xcodeproj */;
			proxyType = 2;
			remoteGlobalIDString = DC0729B51EF78E41004EBC83;
			remoteInfo = Voice;
		};
		5E9157321DD0AC6500FF2AA8 /* PBXContainerItemProxy */ = {
			isa = PBXContainerItemProxy;
			containerPortal = 5E91572D1DD0AC6500FF2AA8 /* RCTAnimation.xcodeproj */;
			proxyType = 2;
			remoteGlobalIDString = 134814201AA4EA6300B7C361;
			remoteInfo = RCTAnimation;
		};
		5E9157341DD0AC6500FF2AA8 /* PBXContainerItemProxy */ = {
			isa = PBXContainerItemProxy;
			containerPortal = 5E91572D1DD0AC6500FF2AA8 /* RCTAnimation.xcodeproj */;
			proxyType = 2;
			remoteGlobalIDString = 2D2A28201D9B03D100D4039D;
			remoteInfo = "RCTAnimation-tvOS";
		};
		78C398B81ACF4ADC00677621 /* PBXContainerItemProxy */ = {
			isa = PBXContainerItemProxy;
			containerPortal = 78C398B01ACF4ADC00677621 /* RCTLinking.xcodeproj */;
			proxyType = 2;
			remoteGlobalIDString = 134814201AA4EA6300B7C361;
			remoteInfo = RCTLinking;
		};
		832341B41AAA6A8300B99B32 /* PBXContainerItemProxy */ = {
			isa = PBXContainerItemProxy;
			containerPortal = 832341B01AAA6A8300B99B32 /* RCTText.xcodeproj */;
			proxyType = 2;
			remoteGlobalIDString = 58B5119B1A9E6C1200147676;
			remoteInfo = RCTText;
		};
		ADBDB9261DFEBF0700ED6528 /* PBXContainerItemProxy */ = {
			isa = PBXContainerItemProxy;
			containerPortal = ADBDB91F1DFEBF0600ED6528 /* RCTBlob.xcodeproj */;
			proxyType = 2;
			remoteGlobalIDString = 358F4ED71D1E81A9004DF814;
			remoteInfo = RCTBlob;
		};
/* End PBXContainerItemProxy section */

/* Begin PBXFileReference section */
		00765B4D46824E2E9A4F9357 /* Voice.xcodeproj */ = {isa = PBXFileReference; explicitFileType = undefined; fileEncoding = 9; includeInIndex = 0; lastKnownFileType = "wrapper.pb-project"; name = Voice.xcodeproj; path = "../node_modules/react-native-voice/ios/Voice.xcodeproj"; sourceTree = "<group>"; };
		008F07F21AC5B25A0029DE68 /* main.jsbundle */ = {isa = PBXFileReference; fileEncoding = 4; lastKnownFileType = text; path = main.jsbundle; sourceTree = "<group>"; };
		00C302A71ABCB8CE00DB3ED1 /* RCTActionSheet.xcodeproj */ = {isa = PBXFileReference; lastKnownFileType = "wrapper.pb-project"; name = RCTActionSheet.xcodeproj; path = "../node_modules/react-native/Libraries/ActionSheetIOS/RCTActionSheet.xcodeproj"; sourceTree = "<group>"; };
		00C302B51ABCB90400DB3ED1 /* RCTGeolocation.xcodeproj */ = {isa = PBXFileReference; lastKnownFileType = "wrapper.pb-project"; name = RCTGeolocation.xcodeproj; path = "../node_modules/react-native/Libraries/Geolocation/RCTGeolocation.xcodeproj"; sourceTree = "<group>"; };
		00C302BB1ABCB91800DB3ED1 /* RCTImage.xcodeproj */ = {isa = PBXFileReference; lastKnownFileType = "wrapper.pb-project"; name = RCTImage.xcodeproj; path = "../node_modules/react-native/Libraries/Image/RCTImage.xcodeproj"; sourceTree = "<group>"; };
		00C302D31ABCB9D200DB3ED1 /* RCTNetwork.xcodeproj */ = {isa = PBXFileReference; lastKnownFileType = "wrapper.pb-project"; name = RCTNetwork.xcodeproj; path = "../node_modules/react-native/Libraries/Network/RCTNetwork.xcodeproj"; sourceTree = "<group>"; };
		00C302DF1ABCB9EE00DB3ED1 /* RCTVibration.xcodeproj */ = {isa = PBXFileReference; lastKnownFileType = "wrapper.pb-project"; name = RCTVibration.xcodeproj; path = "../node_modules/react-native/Libraries/Vibration/RCTVibration.xcodeproj"; sourceTree = "<group>"; };
		00E356F11AD99517003FC87E /* Info.plist */ = {isa = PBXFileReference; lastKnownFileType = text.plist.xml; path = Info.plist; sourceTree = "<group>"; };
		00E356F21AD99517003FC87E /* TroisiemePagePrototype1Tests.m */ = {isa = PBXFileReference; lastKnownFileType = sourcecode.c.objc; path = TroisiemePagePrototype1Tests.m; sourceTree = "<group>"; };
		0238FC0ECB514AE0BDCC25A4 /* AGaramondPro-Semibold.otf */ = {isa = PBXFileReference; explicitFileType = undefined; fileEncoding = 9; includeInIndex = 0; lastKnownFileType = unknown; name = "AGaramondPro-Semibold.otf"; path = "../src/assets/Fonts/Adobe Garamond Pro/AGaramondPro-Semibold.otf"; sourceTree = "<group>"; };
		063F262FBBFD4178B1D0A958 /* GothamRoundedMedium_21022.ttf */ = {isa = PBXFileReference; explicitFileType = undefined; fileEncoding = 9; includeInIndex = 0; lastKnownFileType = unknown; name = GothamRoundedMedium_21022.ttf; path = "../src/assets/Fonts/gotham-rounded/GothamRoundedMedium_21022.ttf"; sourceTree = "<group>"; };
		0BE621FC0EF245D887704586 /* AGaramondPro-Bold.otf */ = {isa = PBXFileReference; explicitFileType = undefined; fileEncoding = 9; includeInIndex = 0; lastKnownFileType = unknown; name = "AGaramondPro-Bold.otf"; path = "../src/assets/Fonts/Adobe Garamond Pro/AGaramondPro-Bold.otf"; sourceTree = "<group>"; };
		0BF786A07AC048869E8BD122 /* Respira-Black.otf */ = {isa = PBXFileReference; explicitFileType = undefined; fileEncoding = 9; includeInIndex = 0; lastKnownFileType = unknown; name = "Respira-Black.otf"; path = "../src/assets/fonts/Respira-Black.otf"; sourceTree = "<group>"; };
		130FECD60A3243E2A9CEDBCC /* GothamRoundedLight_21020.ttf */ = {isa = PBXFileReference; explicitFileType = undefined; fileEncoding = 9; includeInIndex = 0; lastKnownFileType = unknown; name = GothamRoundedLight_21020.ttf; path = "../src/assets/fonts/gotham-rounded/GothamRoundedLight_21020.ttf"; sourceTree = "<group>"; };
		139105B61AF99BAD00B5F7CC /* RCTSettings.xcodeproj */ = {isa = PBXFileReference; lastKnownFileType = "wrapper.pb-project"; name = RCTSettings.xcodeproj; path = "../node_modules/react-native/Libraries/Settings/RCTSettings.xcodeproj"; sourceTree = "<group>"; };
		139FDEE61B06529A00C62182 /* RCTWebSocket.xcodeproj */ = {isa = PBXFileReference; lastKnownFileType = "wrapper.pb-project"; name = RCTWebSocket.xcodeproj; path = "../node_modules/react-native/Libraries/WebSocket/RCTWebSocket.xcodeproj"; sourceTree = "<group>"; };
		13B07F961A680F5B00A75B9A /* TroisiemePagePrototype1.app */ = {isa = PBXFileReference; explicitFileType = wrapper.application; includeInIndex = 0; path = TroisiemePagePrototype1.app; sourceTree = BUILT_PRODUCTS_DIR; };
		13B07FAF1A68108700A75B9A /* AppDelegate.h */ = {isa = PBXFileReference; fileEncoding = 4; lastKnownFileType = sourcecode.c.h; name = AppDelegate.h; path = TroisiemePagePrototype1/AppDelegate.h; sourceTree = "<group>"; };
		13B07FB01A68108700A75B9A /* AppDelegate.m */ = {isa = PBXFileReference; fileEncoding = 4; lastKnownFileType = sourcecode.c.objc; name = AppDelegate.m; path = TroisiemePagePrototype1/AppDelegate.m; sourceTree = "<group>"; };
		13B07FB21A68108700A75B9A /* Base */ = {isa = PBXFileReference; lastKnownFileType = file.xib; name = Base; path = Base.lproj/LaunchScreen.xib; sourceTree = "<group>"; };
		13B07FB51A68108700A75B9A /* Images.xcassets */ = {isa = PBXFileReference; lastKnownFileType = folder.assetcatalog; name = Images.xcassets; path = TroisiemePagePrototype1/Images.xcassets; sourceTree = "<group>"; };
		13B07FB61A68108700A75B9A /* Info.plist */ = {isa = PBXFileReference; fileEncoding = 4; lastKnownFileType = text.plist.xml; name = Info.plist; path = TroisiemePagePrototype1/Info.plist; sourceTree = "<group>"; };
		13B07FB71A68108700A75B9A /* main.m */ = {isa = PBXFileReference; fileEncoding = 4; lastKnownFileType = sourcecode.c.objc; name = main.m; path = TroisiemePagePrototype1/main.m; sourceTree = "<group>"; };
		146833FF1AC3E56700842450 /* React.xcodeproj */ = {isa = PBXFileReference; lastKnownFileType = "wrapper.pb-project"; name = React.xcodeproj; path = "../node_modules/react-native/React/React.xcodeproj"; sourceTree = "<group>"; };
		19A2EA0C0B91449CAD65713B /* GothamRounded-Medium.otf */ = {isa = PBXFileReference; explicitFileType = undefined; fileEncoding = 9; includeInIndex = 0; lastKnownFileType = unknown; name = "GothamRounded-Medium.otf"; path = "../src/assets/fonts/gotham-rounded/GothamRounded-Medium.otf"; sourceTree = "<group>"; };
		1A045138FD3640C0BF68E6B9 /* GothamRoundedBook_21018.ttf */ = {isa = PBXFileReference; explicitFileType = undefined; fileEncoding = 9; includeInIndex = 0; lastKnownFileType = unknown; name = GothamRoundedBook_21018.ttf; path = "../src/assets/Fonts/gotham-rounded/GothamRoundedBook_21018.ttf"; sourceTree = "<group>"; };
		23DF7CA419DE436E93C89E38 /* GothamRounded-Book.otf */ = {isa = PBXFileReference; explicitFileType = undefined; fileEncoding = 9; includeInIndex = 0; lastKnownFileType = unknown; name = "GothamRounded-Book.otf"; path = "../src/assets/fonts/gotham-rounded/GothamRounded-Book.otf"; sourceTree = "<group>"; };
		28E490D5B1D54DF593D851E4 /* RNSVG.xcodeproj */ = {isa = PBXFileReference; explicitFileType = undefined; fileEncoding = 9; includeInIndex = 0; lastKnownFileType = "wrapper.pb-project"; name = RNSVG.xcodeproj; path = "../node_modules/react-native-svg/ios/RNSVG.xcodeproj"; sourceTree = "<group>"; };
		29FEAA23C5D84781A2C9007A /* AGaramondPro-Italic.otf */ = {isa = PBXFileReference; explicitFileType = undefined; fileEncoding = 9; includeInIndex = 0; lastKnownFileType = unknown; name = "AGaramondPro-Italic.otf"; path = "../src/assets/fonts/Adobe Garamond Pro/AGaramondPro-Italic.otf"; sourceTree = "<group>"; };
		2D16E6891FA4F8E400B85C8A /* libReact.a */ = {isa = PBXFileReference; explicitFileType = archive.ar; path = libReact.a; sourceTree = BUILT_PRODUCTS_DIR; };
		34287F2D7C12499582010BD7 /* RNMotionManagerTests.xctest */ = {isa = PBXFileReference; explicitFileType = undefined; fileEncoding = 9; includeInIndex = 0; lastKnownFileType = wrapper.cfbundle; path = RNMotionManagerTests.xctest; sourceTree = "<group>"; };
		3BB82BF9DC184231B0330607 /* GothamRounded-MediumItalic.otf */ = {isa = PBXFileReference; explicitFileType = undefined; fileEncoding = 9; includeInIndex = 0; lastKnownFileType = unknown; name = "GothamRounded-MediumItalic.otf"; path = "../src/assets/fonts/gotham-rounded/GothamRounded-MediumItalic.otf"; sourceTree = "<group>"; };
		3F751D8CD00A4D559AD1C200 /* AGaramondPro-Bold.otf */ = {isa = PBXFileReference; explicitFileType = undefined; fileEncoding = 9; includeInIndex = 0; lastKnownFileType = unknown; name = "AGaramondPro-Bold.otf"; path = "../src/assets/fonts/Adobe Garamond Pro/AGaramondPro-Bold.otf"; sourceTree = "<group>"; };
		4077C3A468384D52A4740C7F /* GothamRoundedBold_21016.ttf */ = {isa = PBXFileReference; explicitFileType = undefined; fileEncoding = 9; includeInIndex = 0; lastKnownFileType = unknown; name = GothamRoundedBold_21016.ttf; path = "../src/assets/Fonts/gotham-rounded/GothamRoundedBold_21016.ttf"; sourceTree = "<group>"; };
		45D26B6EDD084208A23CF5CE /* AGaramondPro-BoldItalic.otf */ = {isa = PBXFileReference; explicitFileType = undefined; fileEncoding = 9; includeInIndex = 0; lastKnownFileType = unknown; name = "AGaramondPro-BoldItalic.otf"; path = "../src/assets/Fonts/Adobe Garamond Pro/AGaramondPro-BoldItalic.otf"; sourceTree = "<group>"; };
		5500175BE913408BAE00D130 /* AGaramondPro-Italic.otf */ = {isa = PBXFileReference; explicitFileType = undefined; fileEncoding = 9; includeInIndex = 0; lastKnownFileType = unknown; name = "AGaramondPro-Italic.otf"; path = "../src/assets/Fonts/Adobe Garamond Pro/AGaramondPro-Italic.otf"; sourceTree = "<group>"; };
		592391C720A5E44A00BA39C8 /* ApngPlayerBridge.h */ = {isa = PBXFileReference; fileEncoding = 4; lastKnownFileType = sourcecode.c.h; path = ApngPlayerBridge.h; sourceTree = "<group>"; };
		592391C820A5E44A00BA39C8 /* ApngPlayerManager.swift */ = {isa = PBXFileReference; fileEncoding = 4; lastKnownFileType = sourcecode.swift; path = ApngPlayerManager.swift; sourceTree = "<group>"; };
		592391C920A5E44A00BA39C8 /* ApngPlayerBridge.m */ = {isa = PBXFileReference; fileEncoding = 4; lastKnownFileType = sourcecode.c.objc; path = ApngPlayerBridge.m; sourceTree = "<group>"; };
		592391CA20A5E44A00BA39C8 /* ApngPlayer.swift */ = {isa = PBXFileReference; explicitFileType = sourcecode.swift; fileEncoding = 4; path = ApngPlayer.swift; sourceTree = "<group>"; };
		592391CE20A5E45400BA39C8 /* TroisiemePagePrototype1-Bridging-Header.h */ = {isa = PBXFileReference; fileEncoding = 4; lastKnownFileType = sourcecode.c.h; path = "TroisiemePagePrototype1-Bridging-Header.h"; sourceTree = "<group>"; };
		592391CF20A5E47100BA39C8 /* Cartfile */ = {isa = PBXFileReference; lastKnownFileType = text; path = Cartfile; sourceTree = "<group>"; };
		592391D220A5E4F500BA39C8 /* APNGKit.framework */ = {isa = PBXFileReference; lastKnownFileType = wrapper.framework; path = APNGKit.framework; sourceTree = "<group>"; };
		5DC91138DD2941C6A17E83DC /* AGaramondPro-Regular.otf */ = {isa = PBXFileReference; explicitFileType = undefined; fileEncoding = 9; includeInIndex = 0; lastKnownFileType = unknown; name = "AGaramondPro-Regular.otf"; path = "../src/assets/Fonts/Adobe Garamond Pro/AGaramondPro-Regular.otf"; sourceTree = "<group>"; };
		5E91572D1DD0AC6500FF2AA8 /* RCTAnimation.xcodeproj */ = {isa = PBXFileReference; lastKnownFileType = "wrapper.pb-project"; name = RCTAnimation.xcodeproj; path = "../node_modules/react-native/Libraries/NativeAnimation/RCTAnimation.xcodeproj"; sourceTree = "<group>"; };
		6D3B03B516AD43099D6BBC44 /* GothamRounded-BoldItalic.otf */ = {isa = PBXFileReference; explicitFileType = undefined; fileEncoding = 9; includeInIndex = 0; lastKnownFileType = unknown; name = "GothamRounded-BoldItalic.otf"; path = "../src/assets/fonts/gotham-rounded/GothamRounded-BoldItalic.otf"; sourceTree = "<group>"; };
		76E8A53C89BC46C0AF245DD0 /* GothamRounded-Bold.otf */ = {isa = PBXFileReference; explicitFileType = undefined; fileEncoding = 9; includeInIndex = 0; lastKnownFileType = unknown; name = "GothamRounded-Bold.otf"; path = "../src/assets/fonts/gotham-rounded/GothamRounded-Bold.otf"; sourceTree = "<group>"; };
		78C398B01ACF4ADC00677621 /* RCTLinking.xcodeproj */ = {isa = PBXFileReference; lastKnownFileType = "wrapper.pb-project"; name = RCTLinking.xcodeproj; path = "../node_modules/react-native/Libraries/LinkingIOS/RCTLinking.xcodeproj"; sourceTree = "<group>"; };
		7DC543865137420CBFC397C5 /* GothamRoundedLight_21020.ttf */ = {isa = PBXFileReference; explicitFileType = undefined; fileEncoding = 9; includeInIndex = 0; lastKnownFileType = unknown; name = GothamRoundedLight_21020.ttf; path = "../src/assets/Fonts/gotham-rounded/GothamRoundedLight_21020.ttf"; sourceTree = "<group>"; };
		7ECE1D80412749BEBC50D4C5 /* AGaramondPro-Regular.otf */ = {isa = PBXFileReference; explicitFileType = undefined; fileEncoding = 9; includeInIndex = 0; lastKnownFileType = unknown; name = "AGaramondPro-Regular.otf"; path = "../src/assets/fonts/Adobe Garamond Pro/AGaramondPro-Regular.otf"; sourceTree = "<group>"; };
		8005E1918D4D4E4D8713D22C /* libRNMotionManager.a */ = {isa = PBXFileReference; explicitFileType = undefined; fileEncoding = 9; includeInIndex = 0; lastKnownFileType = archive.ar; path = libRNMotionManager.a; sourceTree = "<group>"; };
		832341B01AAA6A8300B99B32 /* RCTText.xcodeproj */ = {isa = PBXFileReference; lastKnownFileType = "wrapper.pb-project"; name = RCTText.xcodeproj; path = "../node_modules/react-native/Libraries/Text/RCTText.xcodeproj"; sourceTree = "<group>"; };
		8C63893C08BC4E8A92618FBB /* GothamRounded-BookItalic.otf */ = {isa = PBXFileReference; explicitFileType = undefined; fileEncoding = 9; includeInIndex = 0; lastKnownFileType = unknown; name = "GothamRounded-BookItalic.otf"; path = "../src/assets/fonts/gotham-rounded/GothamRounded-BookItalic.otf"; sourceTree = "<group>"; };
		92313714D8954640908593E0 /* AGaramondPro-SemiboldItalic.otf */ = {isa = PBXFileReference; explicitFileType = undefined; fileEncoding = 9; includeInIndex = 0; lastKnownFileType = unknown; name = "AGaramondPro-SemiboldItalic.otf"; path = "../src/assets/fonts/Adobe Garamond Pro/AGaramondPro-SemiboldItalic.otf"; sourceTree = "<group>"; };
		93700A2842844C9AAB9B15ED /* GothamRoundedBold_21016.ttf */ = {isa = PBXFileReference; explicitFileType = undefined; fileEncoding = 9; includeInIndex = 0; lastKnownFileType = unknown; name = GothamRoundedBold_21016.ttf; path = "../src/assets/fonts/gotham-rounded/GothamRoundedBold_21016.ttf"; sourceTree = "<group>"; };
		982B150E498E42D5854BA4DA /* GothamRounded-Medium.otf */ = {isa = PBXFileReference; explicitFileType = undefined; fileEncoding = 9; includeInIndex = 0; lastKnownFileType = unknown; name = "GothamRounded-Medium.otf"; path = "../src/assets/Fonts/gotham-rounded/GothamRounded-Medium.otf"; sourceTree = "<group>"; };
		A3F402071E81448488D050A9 /* GothamRoundedMedium_21022.ttf */ = {isa = PBXFileReference; explicitFileType = undefined; fileEncoding = 9; includeInIndex = 0; lastKnownFileType = unknown; name = GothamRoundedMedium_21022.ttf; path = "../src/assets/fonts/gotham-rounded/GothamRoundedMedium_21022.ttf"; sourceTree = "<group>"; };
		A5AB7738E40748BE96AC736D /* AGaramondPro-BoldItalic.otf */ = {isa = PBXFileReference; explicitFileType = undefined; fileEncoding = 9; includeInIndex = 0; lastKnownFileType = unknown; name = "AGaramondPro-BoldItalic.otf"; path = "../src/assets/fonts/Adobe Garamond Pro/AGaramondPro-BoldItalic.otf"; sourceTree = "<group>"; };
		A5F6622D108144488E3EAA18 /* GothamRounded-BoldItalic.otf */ = {isa = PBXFileReference; explicitFileType = undefined; fileEncoding = 9; includeInIndex = 0; lastKnownFileType = unknown; name = "GothamRounded-BoldItalic.otf"; path = "../src/assets/Fonts/gotham-rounded/GothamRounded-BoldItalic.otf"; sourceTree = "<group>"; };
		ADBDB91F1DFEBF0600ED6528 /* RCTBlob.xcodeproj */ = {isa = PBXFileReference; lastKnownFileType = "wrapper.pb-project"; name = RCTBlob.xcodeproj; path = "../node_modules/react-native/Libraries/Blob/RCTBlob.xcodeproj"; sourceTree = "<group>"; };
		C40D831DE2264DF6ADD40FA4 /* GothamRounded-MediumItalic.otf */ = {isa = PBXFileReference; explicitFileType = undefined; fileEncoding = 9; includeInIndex = 0; lastKnownFileType = unknown; name = "GothamRounded-MediumItalic.otf"; path = "../src/assets/Fonts/gotham-rounded/GothamRounded-MediumItalic.otf"; sourceTree = "<group>"; };
		C6CB7038785F45A08ED85D4F /* libVoice.a */ = {isa = PBXFileReference; explicitFileType = undefined; fileEncoding = 9; includeInIndex = 0; lastKnownFileType = archive.ar; path = libVoice.a; sourceTree = "<group>"; };
		CB841DC58C6D4F88B2C9AFEA /* GothamRounded-BookItalic.otf */ = {isa = PBXFileReference; explicitFileType = undefined; fileEncoding = 9; includeInIndex = 0; lastKnownFileType = unknown; name = "GothamRounded-BookItalic.otf"; path = "../src/assets/Fonts/gotham-rounded/GothamRounded-BookItalic.otf"; sourceTree = "<group>"; };
		CD517FEE065B43C880C0D479 /* libRNSVG.a */ = {isa = PBXFileReference; explicitFileType = undefined; fileEncoding = 9; includeInIndex = 0; lastKnownFileType = archive.ar; path = libRNSVG.a; sourceTree = "<group>"; };
		CE5E59AEDB0144EC8B74CF42 /* GothamRounded-Light.otf */ = {isa = PBXFileReference; explicitFileType = undefined; fileEncoding = 9; includeInIndex = 0; lastKnownFileType = unknown; name = "GothamRounded-Light.otf"; path = "../src/assets/Fonts/gotham-rounded/GothamRounded-Light.otf"; sourceTree = "<group>"; };
		D8863E104C134AA1B1786785 /* GothamRounded-LightItalic.otf */ = {isa = PBXFileReference; explicitFileType = undefined; fileEncoding = 9; includeInIndex = 0; lastKnownFileType = unknown; name = "GothamRounded-LightItalic.otf"; path = "../src/assets/Fonts/gotham-rounded/GothamRounded-LightItalic.otf"; sourceTree = "<group>"; };
		D9CCF6DD046A4585A8CD9AA9 /* RNMotionManager.xcodeproj */ = {isa = PBXFileReference; explicitFileType = undefined; fileEncoding = 9; includeInIndex = 0; lastKnownFileType = "wrapper.pb-project"; name = RNMotionManager.xcodeproj; path = "../node_modules/react-native-motion-manager/RNMotionManager.xcodeproj"; sourceTree = "<group>"; };
		E0009BFA5CD7428DA76C53DE /* ClairvauxLTStd.otf */ = {isa = PBXFileReference; explicitFileType = undefined; fileEncoding = 9; includeInIndex = 0; lastKnownFileType = unknown; name = ClairvauxLTStd.otf; path = ../src/assets/fonts/ClairvauxLTStd.otf; sourceTree = "<group>"; };
		E0278249D79F4B93896BF44D /* Respira-Black.otf */ = {isa = PBXFileReference; explicitFileType = undefined; fileEncoding = 9; includeInIndex = 0; lastKnownFileType = unknown; name = "Respira-Black.otf"; path = "../src/assets/Fonts/Respira-Black.otf"; sourceTree = "<group>"; };
		E31C3787A76F45E2A3C578E8 /* AGaramondPro-SemiboldItalic.otf */ = {isa = PBXFileReference; explicitFileType = undefined; fileEncoding = 9; includeInIndex = 0; lastKnownFileType = unknown; name = "AGaramondPro-SemiboldItalic.otf"; path = "../src/assets/Fonts/Adobe Garamond Pro/AGaramondPro-SemiboldItalic.otf"; sourceTree = "<group>"; };
		E4F84D2512BD4317900DF01F /* AGaramondPro-Semibold.otf */ = {isa = PBXFileReference; explicitFileType = undefined; fileEncoding = 9; includeInIndex = 0; lastKnownFileType = unknown; name = "AGaramondPro-Semibold.otf"; path = "../src/assets/fonts/Adobe Garamond Pro/AGaramondPro-Semibold.otf"; sourceTree = "<group>"; };
		E81C6844C94B4970940E53F9 /* GothamRounded-Bold.otf */ = {isa = PBXFileReference; explicitFileType = undefined; fileEncoding = 9; includeInIndex = 0; lastKnownFileType = unknown; name = "GothamRounded-Bold.otf"; path = "../src/assets/Fonts/gotham-rounded/GothamRounded-Bold.otf"; sourceTree = "<group>"; };
		F2DE3032711644AFA00EBB03 /* GothamRounded-Book.otf */ = {isa = PBXFileReference; explicitFileType = undefined; fileEncoding = 9; includeInIndex = 0; lastKnownFileType = unknown; name = "GothamRounded-Book.otf"; path = "../src/assets/Fonts/gotham-rounded/GothamRounded-Book.otf"; sourceTree = "<group>"; };
		F44911459DBF4F8DB8E71A87 /* GothamRoundedBook_21018.ttf */ = {isa = PBXFileReference; explicitFileType = undefined; fileEncoding = 9; includeInIndex = 0; lastKnownFileType = unknown; name = GothamRoundedBook_21018.ttf; path = "../src/assets/fonts/gotham-rounded/GothamRoundedBook_21018.ttf"; sourceTree = "<group>"; };
		F4B846B585CE461FA23F112B /* GothamRounded-LightItalic.otf */ = {isa = PBXFileReference; explicitFileType = undefined; fileEncoding = 9; includeInIndex = 0; lastKnownFileType = unknown; name = "GothamRounded-LightItalic.otf"; path = "../src/assets/fonts/gotham-rounded/GothamRounded-LightItalic.otf"; sourceTree = "<group>"; };
		F6B5FF9FDC57433DA0365B0B /* GothamRounded-Light.otf */ = {isa = PBXFileReference; explicitFileType = undefined; fileEncoding = 9; includeInIndex = 0; lastKnownFileType = unknown; name = "GothamRounded-Light.otf"; path = "../src/assets/fonts/gotham-rounded/GothamRounded-Light.otf"; sourceTree = "<group>"; };
		F88B7B6A99F848F581815EEB /* ClairvauxLTStd.otf */ = {isa = PBXFileReference; explicitFileType = undefined; fileEncoding = 9; includeInIndex = 0; lastKnownFileType = unknown; name = ClairvauxLTStd.otf; path = ../src/assets/Fonts/ClairvauxLTStd.otf; sourceTree = "<group>"; };
/* End PBXFileReference section */

/* Begin PBXFrameworksBuildPhase section */
		13B07F8C1A680F5B00A75B9A /* Frameworks */ = {
			isa = PBXFrameworksBuildPhase;
			buildActionMask = 2147483647;
			files = (
				592391D320A5E4F500BA39C8 /* APNGKit.framework in Frameworks */,
				ADBDB9381DFEBF1600ED6528 /* libRCTBlob.a in Frameworks */,
				5E9157361DD0AC6A00FF2AA8 /* libRCTAnimation.a in Frameworks */,
				146834051AC3E58100842450 /* libReact.a in Frameworks */,
				5E9157361DD0AC6A00FF2AA8 /* libRCTAnimation.a in Frameworks */,
				00C302E51ABCBA2D00DB3ED1 /* libRCTActionSheet.a in Frameworks */,
				00C302E71ABCBA2D00DB3ED1 /* libRCTGeolocation.a in Frameworks */,
				00C302E81ABCBA2D00DB3ED1 /* libRCTImage.a in Frameworks */,
				133E29F31AD74F7200F7D852 /* libRCTLinking.a in Frameworks */,
				00C302E91ABCBA2D00DB3ED1 /* libRCTNetwork.a in Frameworks */,
				139105C61AF99C1200B5F7CC /* libRCTSettings.a in Frameworks */,
				832341BD1AAA6AB300B99B32 /* libRCTText.a in Frameworks */,
				00C302EA1ABCBA2D00DB3ED1 /* libRCTVibration.a in Frameworks */,
				139FDEF61B0652A700C62182 /* libRCTWebSocket.a in Frameworks */,
				548904B60F7E4DA0978A5FA5 /* libRNMotionManager.a in Frameworks */,
				2D6253E0655F4BF1B77986E0 /* RNMotionManagerTests.xctest in Frameworks */,
				9FF3726D196F4B2589C66B1E /* libVoice.a in Frameworks */,
				5734C0D7EC4643E0A4011839 /* libRNSVG.a in Frameworks */,
			);
			runOnlyForDeploymentPostprocessing = 0;
		};
/* End PBXFrameworksBuildPhase section */

/* Begin PBXGroup section */
		00C302A81ABCB8CE00DB3ED1 /* Products */ = {
			isa = PBXGroup;
			children = (
				00C302AC1ABCB8CE00DB3ED1 /* libRCTActionSheet.a */,
			);
			name = Products;
			sourceTree = "<group>";
		};
		00C302B61ABCB90400DB3ED1 /* Products */ = {
			isa = PBXGroup;
			children = (
				00C302BA1ABCB90400DB3ED1 /* libRCTGeolocation.a */,
			);
			name = Products;
			sourceTree = "<group>";
		};
		00C302BC1ABCB91800DB3ED1 /* Products */ = {
			isa = PBXGroup;
			children = (
				00C302C01ABCB91800DB3ED1 /* libRCTImage.a */,
				3DAD3E841DF850E9000B6D8A /* libRCTImage-tvOS.a */,
			);
			name = Products;
			sourceTree = "<group>";
		};
		00C302D41ABCB9D200DB3ED1 /* Products */ = {
			isa = PBXGroup;
			children = (
				00C302DC1ABCB9D200DB3ED1 /* libRCTNetwork.a */,
				3DAD3E8C1DF850E9000B6D8A /* libRCTNetwork-tvOS.a */,
			);
			name = Products;
			sourceTree = "<group>";
		};
		00C302E01ABCB9EE00DB3ED1 /* Products */ = {
			isa = PBXGroup;
			children = (
				00C302E41ABCB9EE00DB3ED1 /* libRCTVibration.a */,
			);
			name = Products;
			sourceTree = "<group>";
		};
		00E356EF1AD99517003FC87E /* TroisiemePagePrototype1Tests */ = {
			isa = PBXGroup;
			children = (
				00E356F21AD99517003FC87E /* TroisiemePagePrototype1Tests.m */,
				00E356F01AD99517003FC87E /* Supporting Files */,
			);
			path = TroisiemePagePrototype1Tests;
			sourceTree = "<group>";
		};
		00E356F01AD99517003FC87E /* Supporting Files */ = {
			isa = PBXGroup;
			children = (
				00E356F11AD99517003FC87E /* Info.plist */,
			);
			name = "Supporting Files";
			sourceTree = "<group>";
		};
		139105B71AF99BAD00B5F7CC /* Products */ = {
			isa = PBXGroup;
			children = (
				139105C11AF99BAD00B5F7CC /* libRCTSettings.a */,
				3DAD3E901DF850E9000B6D8A /* libRCTSettings-tvOS.a */,
			);
			name = Products;
			sourceTree = "<group>";
		};
		139FDEE71B06529A00C62182 /* Products */ = {
			isa = PBXGroup;
			children = (
				139FDEF41B06529B00C62182 /* libRCTWebSocket.a */,
				3DAD3E991DF850E9000B6D8A /* libRCTWebSocket-tvOS.a */,
				2D16E6841FA4F8DC00B85C8A /* libfishhook.a */,
				2D16E6861FA4F8DC00B85C8A /* libfishhook-tvOS.a */,
			);
			name = Products;
			sourceTree = "<group>";
		};
		13B07FAE1A68108700A75B9A /* TroisiemePagePrototype1 */ = {
			isa = PBXGroup;
			children = (
				592391CE20A5E45400BA39C8 /* TroisiemePagePrototype1-Bridging-Header.h */,
				592391C620A5E43200BA39C8 /* APNGPlayer */,
				008F07F21AC5B25A0029DE68 /* main.jsbundle */,
				13B07FAF1A68108700A75B9A /* AppDelegate.h */,
				13B07FB01A68108700A75B9A /* AppDelegate.m */,
				13B07FB51A68108700A75B9A /* Images.xcassets */,
				13B07FB61A68108700A75B9A /* Info.plist */,
				13B07FB11A68108700A75B9A /* LaunchScreen.xib */,
				13B07FB71A68108700A75B9A /* main.m */,
				592391CF20A5E47100BA39C8 /* Cartfile */,
			);
			name = TroisiemePagePrototype1;
			sourceTree = "<group>";
		};
		146834001AC3E56700842450 /* Products */ = {
			isa = PBXGroup;
			children = (
				146834041AC3E56700842450 /* libReact.a */,
				3DAD3EA31DF850E9000B6D8A /* libReact.a */,
				3DAD3EA51DF850E9000B6D8A /* libyoga.a */,
				3DAD3EA71DF850E9000B6D8A /* libyoga.a */,
				3DAD3EA91DF850E9000B6D8A /* libcxxreact.a */,
				3DAD3EAB1DF850E9000B6D8A /* libcxxreact.a */,
				3DAD3EAD1DF850E9000B6D8A /* libjschelpers.a */,
				3DAD3EAF1DF850E9000B6D8A /* libjschelpers.a */,
				2DF0FFDF2056DD460020B375 /* libjsinspector.a */,
				2DF0FFE12056DD460020B375 /* libjsinspector-tvOS.a */,
				2DF0FFE32056DD460020B375 /* libthird-party.a */,
				2DF0FFE52056DD460020B375 /* libthird-party.a */,
				2DF0FFE72056DD460020B375 /* libdouble-conversion.a */,
				2DF0FFE92056DD460020B375 /* libdouble-conversion.a */,
				2DF0FFEB2056DD460020B375 /* libprivatedata.a */,
				2DF0FFED2056DD460020B375 /* libprivatedata-tvOS.a */,
			);
			name = Products;
			sourceTree = "<group>";
		};
		2879ED7820AEFBF600924F5A /* Products */ = {
			isa = PBXGroup;
			children = (
				2879ED7D20AEFBF600924F5A /* libRNSVG.a */,
				2879ED7F20AEFBF600924F5A /* libRNSVG-tvOS.a */,
			);
			name = Products;
			sourceTree = "<group>";
		};
		2D16E6871FA4F8E400B85C8A /* Frameworks */ = {
			isa = PBXGroup;
			children = (
				592391D220A5E4F500BA39C8 /* APNGKit.framework */,
				2D16E6891FA4F8E400B85C8A /* libReact.a */,
			);
			name = Frameworks;
			sourceTree = "<group>";
		};
		592391C620A5E43200BA39C8 /* APNGPlayer */ = {
			isa = PBXGroup;
			children = (
				592391CA20A5E44A00BA39C8 /* ApngPlayer.swift */,
				592391C720A5E44A00BA39C8 /* ApngPlayerBridge.h */,
				592391C920A5E44A00BA39C8 /* ApngPlayerBridge.m */,
				592391C820A5E44A00BA39C8 /* ApngPlayerManager.swift */,
			);
			name = APNGPlayer;
			sourceTree = "<group>";
		};
		597468102088B72C00608E07 /* Products */ = {
			isa = PBXGroup;
			children = (
				5974683C2088B72D00608E07 /* libRNMotionManager.a */,
				287CFD7820AEC07C00D1338D /* RNMotionManagerTests.xctest */,
			);
			name = Products;
			sourceTree = "<group>";
		};
		59CB204120874B1300BC8E84 /* Recovered References */ = {
			isa = PBXGroup;
			children = (
				8005E1918D4D4E4D8713D22C /* libRNMotionManager.a */,
				34287F2D7C12499582010BD7 /* RNMotionManagerTests.xctest */,
				C6CB7038785F45A08ED85D4F /* libVoice.a */,
				CD517FEE065B43C880C0D479 /* libRNSVG.a */,
			);
			name = "Recovered References";
			sourceTree = "<group>";
		};
		59CB206720874B1400BC8E84 /* Products */ = {
			isa = PBXGroup;
			children = (
				59CB206B20874B1500BC8E84 /* libVoice.a */,
			);
			name = Products;
			sourceTree = "<group>";
		};
		5E91572E1DD0AC6500FF2AA8 /* Products */ = {
			isa = PBXGroup;
			children = (
				5E9157331DD0AC6500FF2AA8 /* libRCTAnimation.a */,
				5E9157351DD0AC6500FF2AA8 /* libRCTAnimation.a */,
			);
			name = Products;
			sourceTree = "<group>";
		};
		78C398B11ACF4ADC00677621 /* Products */ = {
			isa = PBXGroup;
			children = (
				78C398B91ACF4ADC00677621 /* libRCTLinking.a */,
				3DAD3E881DF850E9000B6D8A /* libRCTLinking-tvOS.a */,
			);
			name = Products;
			sourceTree = "<group>";
		};
		832341AE1AAA6A7D00B99B32 /* Libraries */ = {
			isa = PBXGroup;
			children = (
				5E91572D1DD0AC6500FF2AA8 /* RCTAnimation.xcodeproj */,
				146833FF1AC3E56700842450 /* React.xcodeproj */,
				00C302A71ABCB8CE00DB3ED1 /* RCTActionSheet.xcodeproj */,
				ADBDB91F1DFEBF0600ED6528 /* RCTBlob.xcodeproj */,
				00C302B51ABCB90400DB3ED1 /* RCTGeolocation.xcodeproj */,
				00C302BB1ABCB91800DB3ED1 /* RCTImage.xcodeproj */,
				78C398B01ACF4ADC00677621 /* RCTLinking.xcodeproj */,
				00C302D31ABCB9D200DB3ED1 /* RCTNetwork.xcodeproj */,
				139105B61AF99BAD00B5F7CC /* RCTSettings.xcodeproj */,
				832341B01AAA6A8300B99B32 /* RCTText.xcodeproj */,
				00C302DF1ABCB9EE00DB3ED1 /* RCTVibration.xcodeproj */,
				139FDEE61B06529A00C62182 /* RCTWebSocket.xcodeproj */,
				D9CCF6DD046A4585A8CD9AA9 /* RNMotionManager.xcodeproj */,
				00765B4D46824E2E9A4F9357 /* Voice.xcodeproj */,
				28E490D5B1D54DF593D851E4 /* RNSVG.xcodeproj */,
			);
			name = Libraries;
			sourceTree = "<group>";
		};
		832341B11AAA6A8300B99B32 /* Products */ = {
			isa = PBXGroup;
			children = (
				832341B51AAA6A8300B99B32 /* libRCTText.a */,
				3DAD3E941DF850E9000B6D8A /* libRCTText-tvOS.a */,
			);
			name = Products;
			sourceTree = "<group>";
		};
		83CBB9F61A601CBA00E9B192 = {
			isa = PBXGroup;
			children = (
				13B07FAE1A68108700A75B9A /* TroisiemePagePrototype1 */,
				832341AE1AAA6A7D00B99B32 /* Libraries */,
				00E356EF1AD99517003FC87E /* TroisiemePagePrototype1Tests */,
				83CBBA001A601CBA00E9B192 /* Products */,
				2D16E6871FA4F8E400B85C8A /* Frameworks */,
				59CB204120874B1300BC8E84 /* Recovered References */,
				CEF47D21A3E54EC2977E78D0 /* Resources */,
			);
			indentWidth = 2;
			sourceTree = "<group>";
			tabWidth = 2;
			usesTabs = 0;
		};
		83CBBA001A601CBA00E9B192 /* Products */ = {
			isa = PBXGroup;
			children = (
				13B07F961A680F5B00A75B9A /* TroisiemePagePrototype1.app */,
			);
			name = Products;
			sourceTree = "<group>";
		};
		ADBDB9201DFEBF0600ED6528 /* Products */ = {
			isa = PBXGroup;
			children = (
				ADBDB9271DFEBF0700ED6528 /* libRCTBlob.a */,
				2D16E6721FA4F8DC00B85C8A /* libRCTBlob-tvOS.a */,
			);
			name = Products;
			sourceTree = "<group>";
		};
		CEF47D21A3E54EC2977E78D0 /* Resources */ = {
			isa = PBXGroup;
			children = (
				0BE621FC0EF245D887704586 /* AGaramondPro-Bold.otf */,
				45D26B6EDD084208A23CF5CE /* AGaramondPro-BoldItalic.otf */,
				5500175BE913408BAE00D130 /* AGaramondPro-Italic.otf */,
				5DC91138DD2941C6A17E83DC /* AGaramondPro-Regular.otf */,
				0238FC0ECB514AE0BDCC25A4 /* AGaramondPro-Semibold.otf */,
				E31C3787A76F45E2A3C578E8 /* AGaramondPro-SemiboldItalic.otf */,
				E81C6844C94B4970940E53F9 /* GothamRounded-Bold.otf */,
				A5F6622D108144488E3EAA18 /* GothamRounded-BoldItalic.otf */,
				F2DE3032711644AFA00EBB03 /* GothamRounded-Book.otf */,
				CB841DC58C6D4F88B2C9AFEA /* GothamRounded-BookItalic.otf */,
				CE5E59AEDB0144EC8B74CF42 /* GothamRounded-Light.otf */,
				D8863E104C134AA1B1786785 /* GothamRounded-LightItalic.otf */,
				982B150E498E42D5854BA4DA /* GothamRounded-Medium.otf */,
				C40D831DE2264DF6ADD40FA4 /* GothamRounded-MediumItalic.otf */,
				4077C3A468384D52A4740C7F /* GothamRoundedBold_21016.ttf */,
				1A045138FD3640C0BF68E6B9 /* GothamRoundedBook_21018.ttf */,
				7DC543865137420CBFC397C5 /* GothamRoundedLight_21020.ttf */,
				063F262FBBFD4178B1D0A958 /* GothamRoundedMedium_21022.ttf */,
				F88B7B6A99F848F581815EEB /* ClairvauxLTStd.otf */,
				E0278249D79F4B93896BF44D /* Respira-Black.otf */,
				3F751D8CD00A4D559AD1C200 /* AGaramondPro-Bold.otf */,
				A5AB7738E40748BE96AC736D /* AGaramondPro-BoldItalic.otf */,
				29FEAA23C5D84781A2C9007A /* AGaramondPro-Italic.otf */,
				7ECE1D80412749BEBC50D4C5 /* AGaramondPro-Regular.otf */,
				E4F84D2512BD4317900DF01F /* AGaramondPro-Semibold.otf */,
				92313714D8954640908593E0 /* AGaramondPro-SemiboldItalic.otf */,
				E0009BFA5CD7428DA76C53DE /* ClairvauxLTStd.otf */,
				76E8A53C89BC46C0AF245DD0 /* GothamRounded-Bold.otf */,
				6D3B03B516AD43099D6BBC44 /* GothamRounded-BoldItalic.otf */,
				23DF7CA419DE436E93C89E38 /* GothamRounded-Book.otf */,
				8C63893C08BC4E8A92618FBB /* GothamRounded-BookItalic.otf */,
				F6B5FF9FDC57433DA0365B0B /* GothamRounded-Light.otf */,
				F4B846B585CE461FA23F112B /* GothamRounded-LightItalic.otf */,
				19A2EA0C0B91449CAD65713B /* GothamRounded-Medium.otf */,
				3BB82BF9DC184231B0330607 /* GothamRounded-MediumItalic.otf */,
				93700A2842844C9AAB9B15ED /* GothamRoundedBold_21016.ttf */,
				F44911459DBF4F8DB8E71A87 /* GothamRoundedBook_21018.ttf */,
				130FECD60A3243E2A9CEDBCC /* GothamRoundedLight_21020.ttf */,
				A3F402071E81448488D050A9 /* GothamRoundedMedium_21022.ttf */,
				0BF786A07AC048869E8BD122 /* Respira-Black.otf */,
			);
			name = Resources;
			sourceTree = "<group>";
		};
/* End PBXGroup section */

/* Begin PBXNativeTarget section */
		13B07F861A680F5B00A75B9A /* TroisiemePagePrototype1 */ = {
			isa = PBXNativeTarget;
			buildConfigurationList = 13B07F931A680F5B00A75B9A /* Build configuration list for PBXNativeTarget "TroisiemePagePrototype1" */;
			buildPhases = (
				13B07F871A680F5B00A75B9A /* Sources */,
				13B07F8C1A680F5B00A75B9A /* Frameworks */,
				13B07F8E1A680F5B00A75B9A /* Resources */,
				00DD1BFF1BD5951E006B06BC /* Bundle React Native code and images */,
				592391D120A5E49300BA39C8 /* ShellScript */,
			);
			buildRules = (
			);
			dependencies = (
			);
			name = TroisiemePagePrototype1;
			productName = "Hello World";
			productReference = 13B07F961A680F5B00A75B9A /* TroisiemePagePrototype1.app */;
			productType = "com.apple.product-type.application";
		};
/* End PBXNativeTarget section */

/* Begin PBXProject section */
		83CBB9F71A601CBA00E9B192 /* Project object */ = {
			isa = PBXProject;
			attributes = {
				LastUpgradeCheck = 610;
				ORGANIZATIONNAME = Facebook;
				TargetAttributes = {
					13B07F861A680F5B00A75B9A = {
						DevelopmentTeam = B6YW2DLXP5;
						LastSwiftMigration = 930;
						ProvisioningStyle = Automatic;
					};
				};
			};
			buildConfigurationList = 83CBB9FA1A601CBA00E9B192 /* Build configuration list for PBXProject "TroisiemePagePrototype1" */;
			compatibilityVersion = "Xcode 3.2";
			developmentRegion = English;
			hasScannedForEncodings = 0;
			knownRegions = (
				en,
				Base,
			);
			mainGroup = 83CBB9F61A601CBA00E9B192;
			productRefGroup = 83CBBA001A601CBA00E9B192 /* Products */;
			projectDirPath = "";
			projectReferences = (
				{
					ProductGroup = 00C302A81ABCB8CE00DB3ED1 /* Products */;
					ProjectRef = 00C302A71ABCB8CE00DB3ED1 /* RCTActionSheet.xcodeproj */;
				},
				{
					ProductGroup = 5E91572E1DD0AC6500FF2AA8 /* Products */;
					ProjectRef = 5E91572D1DD0AC6500FF2AA8 /* RCTAnimation.xcodeproj */;
				},
				{
					ProductGroup = ADBDB9201DFEBF0600ED6528 /* Products */;
					ProjectRef = ADBDB91F1DFEBF0600ED6528 /* RCTBlob.xcodeproj */;
				},
				{
					ProductGroup = 00C302B61ABCB90400DB3ED1 /* Products */;
					ProjectRef = 00C302B51ABCB90400DB3ED1 /* RCTGeolocation.xcodeproj */;
				},
				{
					ProductGroup = 00C302BC1ABCB91800DB3ED1 /* Products */;
					ProjectRef = 00C302BB1ABCB91800DB3ED1 /* RCTImage.xcodeproj */;
				},
				{
					ProductGroup = 78C398B11ACF4ADC00677621 /* Products */;
					ProjectRef = 78C398B01ACF4ADC00677621 /* RCTLinking.xcodeproj */;
				},
				{
					ProductGroup = 00C302D41ABCB9D200DB3ED1 /* Products */;
					ProjectRef = 00C302D31ABCB9D200DB3ED1 /* RCTNetwork.xcodeproj */;
				},
				{
					ProductGroup = 139105B71AF99BAD00B5F7CC /* Products */;
					ProjectRef = 139105B61AF99BAD00B5F7CC /* RCTSettings.xcodeproj */;
				},
				{
					ProductGroup = 832341B11AAA6A8300B99B32 /* Products */;
					ProjectRef = 832341B01AAA6A8300B99B32 /* RCTText.xcodeproj */;
				},
				{
					ProductGroup = 00C302E01ABCB9EE00DB3ED1 /* Products */;
					ProjectRef = 00C302DF1ABCB9EE00DB3ED1 /* RCTVibration.xcodeproj */;
				},
				{
					ProductGroup = 139FDEE71B06529A00C62182 /* Products */;
					ProjectRef = 139FDEE61B06529A00C62182 /* RCTWebSocket.xcodeproj */;
				},
				{
					ProductGroup = 146834001AC3E56700842450 /* Products */;
					ProjectRef = 146833FF1AC3E56700842450 /* React.xcodeproj */;
				},
				{
					ProductGroup = 597468102088B72C00608E07 /* Products */;
					ProjectRef = D9CCF6DD046A4585A8CD9AA9 /* RNMotionManager.xcodeproj */;
				},
				{
					ProductGroup = 2879ED7820AEFBF600924F5A /* Products */;
					ProjectRef = 28E490D5B1D54DF593D851E4 /* RNSVG.xcodeproj */;
				},
				{
					ProductGroup = 59CB206720874B1400BC8E84 /* Products */;
					ProjectRef = 00765B4D46824E2E9A4F9357 /* Voice.xcodeproj */;
				},
			);
			projectRoot = "";
			targets = (
				13B07F861A680F5B00A75B9A /* TroisiemePagePrototype1 */,
			);
		};
/* End PBXProject section */

/* Begin PBXReferenceProxy section */
		00C302AC1ABCB8CE00DB3ED1 /* libRCTActionSheet.a */ = {
			isa = PBXReferenceProxy;
			fileType = archive.ar;
			path = libRCTActionSheet.a;
			remoteRef = 00C302AB1ABCB8CE00DB3ED1 /* PBXContainerItemProxy */;
			sourceTree = BUILT_PRODUCTS_DIR;
		};
		00C302BA1ABCB90400DB3ED1 /* libRCTGeolocation.a */ = {
			isa = PBXReferenceProxy;
			fileType = archive.ar;
			path = libRCTGeolocation.a;
			remoteRef = 00C302B91ABCB90400DB3ED1 /* PBXContainerItemProxy */;
			sourceTree = BUILT_PRODUCTS_DIR;
		};
		00C302C01ABCB91800DB3ED1 /* libRCTImage.a */ = {
			isa = PBXReferenceProxy;
			fileType = archive.ar;
			path = libRCTImage.a;
			remoteRef = 00C302BF1ABCB91800DB3ED1 /* PBXContainerItemProxy */;
			sourceTree = BUILT_PRODUCTS_DIR;
		};
		00C302DC1ABCB9D200DB3ED1 /* libRCTNetwork.a */ = {
			isa = PBXReferenceProxy;
			fileType = archive.ar;
			path = libRCTNetwork.a;
			remoteRef = 00C302DB1ABCB9D200DB3ED1 /* PBXContainerItemProxy */;
			sourceTree = BUILT_PRODUCTS_DIR;
		};
		00C302E41ABCB9EE00DB3ED1 /* libRCTVibration.a */ = {
			isa = PBXReferenceProxy;
			fileType = archive.ar;
			path = libRCTVibration.a;
			remoteRef = 00C302E31ABCB9EE00DB3ED1 /* PBXContainerItemProxy */;
			sourceTree = BUILT_PRODUCTS_DIR;
		};
		139105C11AF99BAD00B5F7CC /* libRCTSettings.a */ = {
			isa = PBXReferenceProxy;
			fileType = archive.ar;
			path = libRCTSettings.a;
			remoteRef = 139105C01AF99BAD00B5F7CC /* PBXContainerItemProxy */;
			sourceTree = BUILT_PRODUCTS_DIR;
		};
		139FDEF41B06529B00C62182 /* libRCTWebSocket.a */ = {
			isa = PBXReferenceProxy;
			fileType = archive.ar;
			path = libRCTWebSocket.a;
			remoteRef = 139FDEF31B06529B00C62182 /* PBXContainerItemProxy */;
			sourceTree = BUILT_PRODUCTS_DIR;
		};
		146834041AC3E56700842450 /* libReact.a */ = {
			isa = PBXReferenceProxy;
			fileType = archive.ar;
			path = libReact.a;
			remoteRef = 146834031AC3E56700842450 /* PBXContainerItemProxy */;
			sourceTree = BUILT_PRODUCTS_DIR;
		};
		2879ED7D20AEFBF600924F5A /* libRNSVG.a */ = {
			isa = PBXReferenceProxy;
			fileType = archive.ar;
			path = libRNSVG.a;
			remoteRef = 2879ED7C20AEFBF600924F5A /* PBXContainerItemProxy */;
			sourceTree = BUILT_PRODUCTS_DIR;
		};
		2879ED7F20AEFBF600924F5A /* libRNSVG-tvOS.a */ = {
			isa = PBXReferenceProxy;
			fileType = archive.ar;
			path = "libRNSVG-tvOS.a";
			remoteRef = 2879ED7E20AEFBF600924F5A /* PBXContainerItemProxy */;
			sourceTree = BUILT_PRODUCTS_DIR;
		};
		287CFD7820AEC07C00D1338D /* RNMotionManagerTests.xctest */ = {
			isa = PBXReferenceProxy;
			fileType = wrapper.cfbundle;
			path = RNMotionManagerTests.xctest;
			remoteRef = 287CFD7720AEC07C00D1338D /* PBXContainerItemProxy */;
			sourceTree = BUILT_PRODUCTS_DIR;
		};
		2D16E6721FA4F8DC00B85C8A /* libRCTBlob-tvOS.a */ = {
			isa = PBXReferenceProxy;
			fileType = archive.ar;
			path = "libRCTBlob-tvOS.a";
			remoteRef = 2D16E6711FA4F8DC00B85C8A /* PBXContainerItemProxy */;
			sourceTree = BUILT_PRODUCTS_DIR;
		};
		2D16E6841FA4F8DC00B85C8A /* libfishhook.a */ = {
			isa = PBXReferenceProxy;
			fileType = archive.ar;
			path = libfishhook.a;
			remoteRef = 2D16E6831FA4F8DC00B85C8A /* PBXContainerItemProxy */;
			sourceTree = BUILT_PRODUCTS_DIR;
		};
		2D16E6861FA4F8DC00B85C8A /* libfishhook-tvOS.a */ = {
			isa = PBXReferenceProxy;
			fileType = archive.ar;
			path = "libfishhook-tvOS.a";
			remoteRef = 2D16E6851FA4F8DC00B85C8A /* PBXContainerItemProxy */;
			sourceTree = BUILT_PRODUCTS_DIR;
		};
		2DF0FFDF2056DD460020B375 /* libjsinspector.a */ = {
			isa = PBXReferenceProxy;
			fileType = archive.ar;
			path = libjsinspector.a;
			remoteRef = 2DF0FFDE2056DD460020B375 /* PBXContainerItemProxy */;
			sourceTree = BUILT_PRODUCTS_DIR;
		};
		2DF0FFE12056DD460020B375 /* libjsinspector-tvOS.a */ = {
			isa = PBXReferenceProxy;
			fileType = archive.ar;
			path = "libjsinspector-tvOS.a";
			remoteRef = 2DF0FFE02056DD460020B375 /* PBXContainerItemProxy */;
			sourceTree = BUILT_PRODUCTS_DIR;
		};
		2DF0FFE32056DD460020B375 /* libthird-party.a */ = {
			isa = PBXReferenceProxy;
			fileType = archive.ar;
			path = "libthird-party.a";
			remoteRef = 2DF0FFE22056DD460020B375 /* PBXContainerItemProxy */;
			sourceTree = BUILT_PRODUCTS_DIR;
		};
		2DF0FFE52056DD460020B375 /* libthird-party.a */ = {
			isa = PBXReferenceProxy;
			fileType = archive.ar;
			path = "libthird-party.a";
			remoteRef = 2DF0FFE42056DD460020B375 /* PBXContainerItemProxy */;
			sourceTree = BUILT_PRODUCTS_DIR;
		};
		2DF0FFE72056DD460020B375 /* libdouble-conversion.a */ = {
			isa = PBXReferenceProxy;
			fileType = archive.ar;
			path = "libdouble-conversion.a";
			remoteRef = 2DF0FFE62056DD460020B375 /* PBXContainerItemProxy */;
			sourceTree = BUILT_PRODUCTS_DIR;
		};
		2DF0FFE92056DD460020B375 /* libdouble-conversion.a */ = {
			isa = PBXReferenceProxy;
			fileType = archive.ar;
			path = "libdouble-conversion.a";
			remoteRef = 2DF0FFE82056DD460020B375 /* PBXContainerItemProxy */;
			sourceTree = BUILT_PRODUCTS_DIR;
		};
		2DF0FFEB2056DD460020B375 /* libprivatedata.a */ = {
			isa = PBXReferenceProxy;
			fileType = archive.ar;
			path = libprivatedata.a;
			remoteRef = 2DF0FFEA2056DD460020B375 /* PBXContainerItemProxy */;
			sourceTree = BUILT_PRODUCTS_DIR;
		};
		2DF0FFED2056DD460020B375 /* libprivatedata-tvOS.a */ = {
			isa = PBXReferenceProxy;
			fileType = archive.ar;
			path = "libprivatedata-tvOS.a";
			remoteRef = 2DF0FFEC2056DD460020B375 /* PBXContainerItemProxy */;
			sourceTree = BUILT_PRODUCTS_DIR;
		};
		3DAD3E841DF850E9000B6D8A /* libRCTImage-tvOS.a */ = {
			isa = PBXReferenceProxy;
			fileType = archive.ar;
			path = "libRCTImage-tvOS.a";
			remoteRef = 3DAD3E831DF850E9000B6D8A /* PBXContainerItemProxy */;
			sourceTree = BUILT_PRODUCTS_DIR;
		};
		3DAD3E881DF850E9000B6D8A /* libRCTLinking-tvOS.a */ = {
			isa = PBXReferenceProxy;
			fileType = archive.ar;
			path = "libRCTLinking-tvOS.a";
			remoteRef = 3DAD3E871DF850E9000B6D8A /* PBXContainerItemProxy */;
			sourceTree = BUILT_PRODUCTS_DIR;
		};
		3DAD3E8C1DF850E9000B6D8A /* libRCTNetwork-tvOS.a */ = {
			isa = PBXReferenceProxy;
			fileType = archive.ar;
			path = "libRCTNetwork-tvOS.a";
			remoteRef = 3DAD3E8B1DF850E9000B6D8A /* PBXContainerItemProxy */;
			sourceTree = BUILT_PRODUCTS_DIR;
		};
		3DAD3E901DF850E9000B6D8A /* libRCTSettings-tvOS.a */ = {
			isa = PBXReferenceProxy;
			fileType = archive.ar;
			path = "libRCTSettings-tvOS.a";
			remoteRef = 3DAD3E8F1DF850E9000B6D8A /* PBXContainerItemProxy */;
			sourceTree = BUILT_PRODUCTS_DIR;
		};
		3DAD3E941DF850E9000B6D8A /* libRCTText-tvOS.a */ = {
			isa = PBXReferenceProxy;
			fileType = archive.ar;
			path = "libRCTText-tvOS.a";
			remoteRef = 3DAD3E931DF850E9000B6D8A /* PBXContainerItemProxy */;
			sourceTree = BUILT_PRODUCTS_DIR;
		};
		3DAD3E991DF850E9000B6D8A /* libRCTWebSocket-tvOS.a */ = {
			isa = PBXReferenceProxy;
			fileType = archive.ar;
			path = "libRCTWebSocket-tvOS.a";
			remoteRef = 3DAD3E981DF850E9000B6D8A /* PBXContainerItemProxy */;
			sourceTree = BUILT_PRODUCTS_DIR;
		};
		3DAD3EA31DF850E9000B6D8A /* libReact.a */ = {
			isa = PBXReferenceProxy;
			fileType = archive.ar;
			path = libReact.a;
			remoteRef = 3DAD3EA21DF850E9000B6D8A /* PBXContainerItemProxy */;
			sourceTree = BUILT_PRODUCTS_DIR;
		};
		3DAD3EA51DF850E9000B6D8A /* libyoga.a */ = {
			isa = PBXReferenceProxy;
			fileType = archive.ar;
			path = libyoga.a;
			remoteRef = 3DAD3EA41DF850E9000B6D8A /* PBXContainerItemProxy */;
			sourceTree = BUILT_PRODUCTS_DIR;
		};
		3DAD3EA71DF850E9000B6D8A /* libyoga.a */ = {
			isa = PBXReferenceProxy;
			fileType = archive.ar;
			path = libyoga.a;
			remoteRef = 3DAD3EA61DF850E9000B6D8A /* PBXContainerItemProxy */;
			sourceTree = BUILT_PRODUCTS_DIR;
		};
		3DAD3EA91DF850E9000B6D8A /* libcxxreact.a */ = {
			isa = PBXReferenceProxy;
			fileType = archive.ar;
			path = libcxxreact.a;
			remoteRef = 3DAD3EA81DF850E9000B6D8A /* PBXContainerItemProxy */;
			sourceTree = BUILT_PRODUCTS_DIR;
		};
		3DAD3EAB1DF850E9000B6D8A /* libcxxreact.a */ = {
			isa = PBXReferenceProxy;
			fileType = archive.ar;
			path = libcxxreact.a;
			remoteRef = 3DAD3EAA1DF850E9000B6D8A /* PBXContainerItemProxy */;
			sourceTree = BUILT_PRODUCTS_DIR;
		};
		3DAD3EAD1DF850E9000B6D8A /* libjschelpers.a */ = {
			isa = PBXReferenceProxy;
			fileType = archive.ar;
			path = libjschelpers.a;
			remoteRef = 3DAD3EAC1DF850E9000B6D8A /* PBXContainerItemProxy */;
			sourceTree = BUILT_PRODUCTS_DIR;
		};
		3DAD3EAF1DF850E9000B6D8A /* libjschelpers.a */ = {
			isa = PBXReferenceProxy;
			fileType = archive.ar;
			path = libjschelpers.a;
			remoteRef = 3DAD3EAE1DF850E9000B6D8A /* PBXContainerItemProxy */;
			sourceTree = BUILT_PRODUCTS_DIR;
		};
		5974683C2088B72D00608E07 /* libRNMotionManager.a */ = {
			isa = PBXReferenceProxy;
			fileType = archive.ar;
			path = libRNMotionManager.a;
			remoteRef = 5974683B2088B72D00608E07 /* PBXContainerItemProxy */;
			sourceTree = BUILT_PRODUCTS_DIR;
		};
		59CB206B20874B1500BC8E84 /* libVoice.a */ = {
			isa = PBXReferenceProxy;
			fileType = archive.ar;
			path = libVoice.a;
			remoteRef = 59CB206A20874B1500BC8E84 /* PBXContainerItemProxy */;
			sourceTree = BUILT_PRODUCTS_DIR;
		};
		5E9157331DD0AC6500FF2AA8 /* libRCTAnimation.a */ = {
			isa = PBXReferenceProxy;
			fileType = archive.ar;
			path = libRCTAnimation.a;
			remoteRef = 5E9157321DD0AC6500FF2AA8 /* PBXContainerItemProxy */;
			sourceTree = BUILT_PRODUCTS_DIR;
		};
		5E9157351DD0AC6500FF2AA8 /* libRCTAnimation.a */ = {
			isa = PBXReferenceProxy;
			fileType = archive.ar;
			path = libRCTAnimation.a;
			remoteRef = 5E9157341DD0AC6500FF2AA8 /* PBXContainerItemProxy */;
			sourceTree = BUILT_PRODUCTS_DIR;
		};
		78C398B91ACF4ADC00677621 /* libRCTLinking.a */ = {
			isa = PBXReferenceProxy;
			fileType = archive.ar;
			path = libRCTLinking.a;
			remoteRef = 78C398B81ACF4ADC00677621 /* PBXContainerItemProxy */;
			sourceTree = BUILT_PRODUCTS_DIR;
		};
		832341B51AAA6A8300B99B32 /* libRCTText.a */ = {
			isa = PBXReferenceProxy;
			fileType = archive.ar;
			path = libRCTText.a;
			remoteRef = 832341B41AAA6A8300B99B32 /* PBXContainerItemProxy */;
			sourceTree = BUILT_PRODUCTS_DIR;
		};
		ADBDB9271DFEBF0700ED6528 /* libRCTBlob.a */ = {
			isa = PBXReferenceProxy;
			fileType = archive.ar;
			path = libRCTBlob.a;
			remoteRef = ADBDB9261DFEBF0700ED6528 /* PBXContainerItemProxy */;
			sourceTree = BUILT_PRODUCTS_DIR;
		};
/* End PBXReferenceProxy section */

/* Begin PBXResourcesBuildPhase section */
		13B07F8E1A680F5B00A75B9A /* Resources */ = {
			isa = PBXResourcesBuildPhase;
			buildActionMask = 2147483647;
			files = (
				592391D020A5E47100BA39C8 /* Cartfile in Resources */,
				13B07FBF1A68108700A75B9A /* Images.xcassets in Resources */,
				13B07FBD1A68108700A75B9A /* LaunchScreen.xib in Resources */,
				21360FC8766B459CA1240DF8 /* AGaramondPro-Bold.otf in Resources */,
				31DC3F22BBE14F14B4A399A1 /* AGaramondPro-BoldItalic.otf in Resources */,
				0E2CB8BD15F74AAE84B4DF9E /* AGaramondPro-Italic.otf in Resources */,
				B37F70004D4D4D7ABB8E6E40 /* AGaramondPro-Regular.otf in Resources */,
				23A6B8253C8C45D1B88EEE5E /* AGaramondPro-Semibold.otf in Resources */,
				A7CE7048F2414FB2940FA187 /* AGaramondPro-SemiboldItalic.otf in Resources */,
				E577C854D9884FAAAB730BC8 /* GothamRounded-Bold.otf in Resources */,
				689EE124FD3942E29AED806B /* GothamRounded-BoldItalic.otf in Resources */,
				A4AEE056D8E445FE8EC61D4F /* GothamRounded-Book.otf in Resources */,
				602F4119362A44139D041EBC /* GothamRounded-BookItalic.otf in Resources */,
				CA85A7931DF347AB97AFFF41 /* GothamRounded-Light.otf in Resources */,
				584552A504DA42DF81AFA787 /* GothamRounded-LightItalic.otf in Resources */,
				0BD350148D1C48349E398F40 /* GothamRounded-Medium.otf in Resources */,
				50685A0E11D64C7DAF7C847C /* GothamRounded-MediumItalic.otf in Resources */,
				D01E60442670452091E470D2 /* GothamRoundedBold_21016.ttf in Resources */,
				3CCE3C08A4BC4D04826B5232 /* GothamRoundedBook_21018.ttf in Resources */,
				4669FB552D4241D890D190EF /* GothamRoundedLight_21020.ttf in Resources */,
				C4A91139133E4D5EAF97EB88 /* GothamRoundedMedium_21022.ttf in Resources */,
				3429D9591E1A4749B98CD947 /* ClairvauxLTStd.otf in Resources */,
				FBBF6C7F0BC042579359DCB8 /* Respira-Black.otf in Resources */,
				FD9CFD084D394372BAC76FF8 /* AGaramondPro-Bold.otf in Resources */,
				106E9A5CB0AC486282974C2B /* AGaramondPro-BoldItalic.otf in Resources */,
				5C5005D3DDE2486183CD5F78 /* AGaramondPro-Italic.otf in Resources */,
				D40FAFD360E34CE3AA3F73BB /* AGaramondPro-Regular.otf in Resources */,
				424C18B9E0BC4C888E1DF3FC /* AGaramondPro-Semibold.otf in Resources */,
				63665B480C164EED843ECACA /* AGaramondPro-SemiboldItalic.otf in Resources */,
				F2EDAC2488F14E2E8294A1E3 /* ClairvauxLTStd.otf in Resources */,
				AAEDB098431F419E84E54FC9 /* GothamRounded-Bold.otf in Resources */,
				5F89F38AED714672B20E19FE /* GothamRounded-BoldItalic.otf in Resources */,
				DF01CA4DF69B493D82F684E8 /* GothamRounded-Book.otf in Resources */,
				DF71C33FF33046E884F5CB8D /* GothamRounded-BookItalic.otf in Resources */,
				7F68652532764F2C995CD3E4 /* GothamRounded-Light.otf in Resources */,
				CD29E0A094DF422A87BED803 /* GothamRounded-LightItalic.otf in Resources */,
				A8C83A3E47314E9B969F8FA4 /* GothamRounded-Medium.otf in Resources */,
				D5F1004E4B43426EB0038B63 /* GothamRounded-MediumItalic.otf in Resources */,
				DCE15C3FE3EE45D8AD6D6C32 /* GothamRoundedBold_21016.ttf in Resources */,
				F3910E145911453FA2C17A40 /* GothamRoundedBook_21018.ttf in Resources */,
				71B45832463C4D9EB02AF3B7 /* GothamRoundedLight_21020.ttf in Resources */,
				A58EF36DA2DA4858A0F00AEE /* GothamRoundedMedium_21022.ttf in Resources */,
				A81B25BF4E834BDABA4CABEF /* Respira-Black.otf in Resources */,
			);
			runOnlyForDeploymentPostprocessing = 0;
		};
/* End PBXResourcesBuildPhase section */

/* Begin PBXShellScriptBuildPhase section */
		00DD1BFF1BD5951E006B06BC /* Bundle React Native code and images */ = {
			isa = PBXShellScriptBuildPhase;
			buildActionMask = 2147483647;
			files = (
			);
			inputPaths = (
			);
			name = "Bundle React Native code and images";
			outputPaths = (
			);
			runOnlyForDeploymentPostprocessing = 0;
			shellPath = /bin/sh;
			shellScript = "export NODE_BINARY=node\n../node_modules/react-native/scripts/react-native-xcode.sh";
		};
		592391D120A5E49300BA39C8 /* ShellScript */ = {
			isa = PBXShellScriptBuildPhase;
			buildActionMask = 2147483647;
			files = (
			);
			inputPaths = (
				"$(SRCROOT)/Carthage/Build/iOS/APNGKit.framework",
			);
			outputPaths = (
			);
			runOnlyForDeploymentPostprocessing = 0;
			shellPath = /bin/sh;
			shellScript = "/usr/local/bin/carthage copy-frameworks";
		};
/* End PBXShellScriptBuildPhase section */

/* Begin PBXSourcesBuildPhase section */
		13B07F871A680F5B00A75B9A /* Sources */ = {
			isa = PBXSourcesBuildPhase;
			buildActionMask = 2147483647;
			files = (
				592391CB20A5E44A00BA39C8 /* ApngPlayerManager.swift in Sources */,
				592391CC20A5E44A00BA39C8 /* ApngPlayerBridge.m in Sources */,
				13B07FBC1A68108700A75B9A /* AppDelegate.m in Sources */,
				13B07FC11A68108700A75B9A /* main.m in Sources */,
				592391CD20A5E44A00BA39C8 /* ApngPlayer.swift in Sources */,
			);
			runOnlyForDeploymentPostprocessing = 0;
		};
/* End PBXSourcesBuildPhase section */

/* Begin PBXVariantGroup section */
		13B07FB11A68108700A75B9A /* LaunchScreen.xib */ = {
			isa = PBXVariantGroup;
			children = (
				13B07FB21A68108700A75B9A /* Base */,
			);
			name = LaunchScreen.xib;
			path = TroisiemePagePrototype1;
			sourceTree = "<group>";
		};
/* End PBXVariantGroup section */

/* Begin XCBuildConfiguration section */
		13B07F941A680F5B00A75B9A /* Debug */ = {
			isa = XCBuildConfiguration;
			buildSettings = {
				ASSETCATALOG_COMPILER_APPICON_NAME = AppIcon;
				CLANG_ENABLE_MODULES = YES;
				CODE_SIGN_IDENTITY = "iPhone Developer";
				CODE_SIGN_STYLE = Automatic;
				CURRENT_PROJECT_VERSION = 1;
				DEAD_CODE_STRIPPING = NO;
				DEVELOPMENT_TEAM = B6YW2DLXP5;
				FRAMEWORK_SEARCH_PATHS = (
					"$(inherited)",
					"$(PROJECT_DIR)/Carthage/Build/iOS",
					"$(PROJECT_DIR)/Carthage/Build/Mac",
					"$(PROJECT_DIR)",
				);
				HEADER_SEARCH_PATHS = (
					"$(inherited)",
					"$(SRCROOT)/../node_modules/react-native-motion-manager/RNMotionManager/**",
					"$(SRCROOT)/../node_modules/react-native-voice/ios/Voice",
					"$(SRCROOT)/../node_modules/react-native-fs/**",
					"$(SRCROOT)/../node_modules/react-native-apng-player/ios",
					"$(SRCROOT)/../node_modules/apng-player/ios/**",
					"$(SRCROOT)/../node_modules/apng-player/ios/**",
					"$(SRCROOT)/../node_modules/react-native-apng-player/ios/**",
					"$(SRCROOT)/../node_modules/react-native-event-bridge/ios",
					"$(SRCROOT)/../node_modules/react-native-svg/ios/**",
				);
				INFOPLIST_FILE = TroisiemePagePrototype1/Info.plist;
				LD_RUNPATH_SEARCH_PATHS = "$(inherited) @executable_path/Frameworks";
				LIBRARY_SEARCH_PATHS = (
					"$(inherited)",
					"\"$(SRCROOT)/TroisiemePagePrototype1\"",
					"\"$(SRCROOT)/TroisiemePagePrototype1\"",
					"\"$(SRCROOT)/TroisiemePagePrototype1\"",
				);
				OTHER_LDFLAGS = (
					"$(inherited)",
					"-ObjC",
					"-lc++",
				);
				PRODUCT_BUNDLE_IDENTIFIER = fr.remicaillot.troisiemepage;
				PRODUCT_NAME = TroisiemePagePrototype1;
				PROVISIONING_PROFILE_SPECIFIER = "";
				SWIFT_OBJC_BRIDGING_HEADER = "TroisiemePagePrototype1-Bridging-Header.h";
				SWIFT_OPTIMIZATION_LEVEL = "-Onone";
				SWIFT_VERSION = 3.0;
				TARGETED_DEVICE_FAMILY = 2;
				VERSIONING_SYSTEM = "apple-generic";
			};
			name = Debug;
		};
		13B07F951A680F5B00A75B9A /* Release */ = {
			isa = XCBuildConfiguration;
			buildSettings = {
				ASSETCATALOG_COMPILER_APPICON_NAME = AppIcon;
				CLANG_ENABLE_MODULES = YES;
				CODE_SIGN_IDENTITY = "iPhone Developer";
				CODE_SIGN_STYLE = Automatic;
				CURRENT_PROJECT_VERSION = 1;
				DEVELOPMENT_TEAM = B6YW2DLXP5;
				FRAMEWORK_SEARCH_PATHS = (
					"$(inherited)",
					"$(PROJECT_DIR)/Carthage/Build/iOS",
					"$(PROJECT_DIR)/Carthage/Build/Mac",
					"$(PROJECT_DIR)",
				);
				HEADER_SEARCH_PATHS = (
					"$(inherited)",
					"$(SRCROOT)/../node_modules/react-native-motion-manager/RNMotionManager/**",
					"$(SRCROOT)/../node_modules/react-native-voice/ios/Voice",
					"$(SRCROOT)/../node_modules/react-native-fs/**",
					"$(SRCROOT)/../node_modules/react-native-apng-player/ios",
					"$(SRCROOT)/../node_modules/apng-player/ios/**",
					"$(SRCROOT)/../node_modules/apng-player/ios/**",
					"$(SRCROOT)/../node_modules/react-native-apng-player/ios/**",
					"$(SRCROOT)/../node_modules/react-native-event-bridge/ios",
					"$(SRCROOT)/../node_modules/react-native-svg/ios/**",
				);
				INFOPLIST_FILE = TroisiemePagePrototype1/Info.plist;
				LD_RUNPATH_SEARCH_PATHS = "$(inherited) @executable_path/Frameworks";
				LIBRARY_SEARCH_PATHS = (
					"$(inherited)",
					"\"$(SRCROOT)/TroisiemePagePrototype1\"",
					"\"$(SRCROOT)/TroisiemePagePrototype1\"",
					"\"$(SRCROOT)/TroisiemePagePrototype1\"",
				);
				OTHER_LDFLAGS = (
					"$(inherited)",
					"-ObjC",
					"-lc++",
				);
				PRODUCT_BUNDLE_IDENTIFIER = fr.remicaillot.troisiemepage;
				PRODUCT_NAME = TroisiemePagePrototype1;
				PROVISIONING_PROFILE_SPECIFIER = "";
				SWIFT_OBJC_BRIDGING_HEADER = "TroisiemePagePrototype1-Bridging-Header.h";
				SWIFT_VERSION = 3.0;
				TARGETED_DEVICE_FAMILY = 2;
				VERSIONING_SYSTEM = "apple-generic";
			};
			name = Release;
		};
		83CBBA201A601CBA00E9B192 /* Debug */ = {
			isa = XCBuildConfiguration;
			buildSettings = {
				ALWAYS_SEARCH_USER_PATHS = NO;
				CLANG_CXX_LANGUAGE_STANDARD = "gnu++0x";
				CLANG_CXX_LIBRARY = "libc++";
				CLANG_ENABLE_MODULES = YES;
				CLANG_ENABLE_OBJC_ARC = YES;
				CLANG_WARN_BOOL_CONVERSION = YES;
				CLANG_WARN_CONSTANT_CONVERSION = YES;
				CLANG_WARN_DIRECT_OBJC_ISA_USAGE = YES_ERROR;
				CLANG_WARN_EMPTY_BODY = YES;
				CLANG_WARN_ENUM_CONVERSION = YES;
				CLANG_WARN_INT_CONVERSION = YES;
				CLANG_WARN_OBJC_ROOT_CLASS = YES_ERROR;
				CLANG_WARN_UNREACHABLE_CODE = YES;
				CLANG_WARN__DUPLICATE_METHOD_MATCH = YES;
				CODE_SIGN_IDENTITY = "iPhone Developer";
				"CODE_SIGN_IDENTITY[sdk=iphoneos*]" = "iPhone Developer";
				COPY_PHASE_STRIP = NO;
				DEVELOPMENT_TEAM = B6YW2DLXP5;
				ENABLE_STRICT_OBJC_MSGSEND = YES;
				GCC_C_LANGUAGE_STANDARD = gnu99;
				GCC_DYNAMIC_NO_PIC = NO;
				GCC_OPTIMIZATION_LEVEL = 0;
				GCC_PREPROCESSOR_DEFINITIONS = (
					"DEBUG=1",
					"$(inherited)",
				);
				GCC_SYMBOLS_PRIVATE_EXTERN = NO;
				GCC_WARN_64_TO_32_BIT_CONVERSION = YES;
				GCC_WARN_ABOUT_RETURN_TYPE = YES_ERROR;
				GCC_WARN_UNDECLARED_SELECTOR = YES;
				GCC_WARN_UNINITIALIZED_AUTOS = YES_AGGRESSIVE;
				GCC_WARN_UNUSED_FUNCTION = YES;
				GCC_WARN_UNUSED_VARIABLE = YES;
				IPHONEOS_DEPLOYMENT_TARGET = 8.0;
				MTL_ENABLE_DEBUG_INFO = YES;
				ONLY_ACTIVE_ARCH = YES;
				SDKROOT = iphoneos;
			};
			name = Debug;
		};
		83CBBA211A601CBA00E9B192 /* Release */ = {
			isa = XCBuildConfiguration;
			buildSettings = {
				ALWAYS_SEARCH_USER_PATHS = NO;
				CLANG_CXX_LANGUAGE_STANDARD = "gnu++0x";
				CLANG_CXX_LIBRARY = "libc++";
				CLANG_ENABLE_MODULES = YES;
				CLANG_ENABLE_OBJC_ARC = YES;
				CLANG_WARN_BOOL_CONVERSION = YES;
				CLANG_WARN_CONSTANT_CONVERSION = YES;
				CLANG_WARN_DIRECT_OBJC_ISA_USAGE = YES_ERROR;
				CLANG_WARN_EMPTY_BODY = YES;
				CLANG_WARN_ENUM_CONVERSION = YES;
				CLANG_WARN_INT_CONVERSION = YES;
				CLANG_WARN_OBJC_ROOT_CLASS = YES_ERROR;
				CLANG_WARN_UNREACHABLE_CODE = YES;
				CLANG_WARN__DUPLICATE_METHOD_MATCH = YES;
				CODE_SIGN_IDENTITY = "iPhone Developer";
				"CODE_SIGN_IDENTITY[sdk=iphoneos*]" = "iPhone Developer";
				COPY_PHASE_STRIP = YES;
				DEVELOPMENT_TEAM = B6YW2DLXP5;
				ENABLE_NS_ASSERTIONS = NO;
				ENABLE_STRICT_OBJC_MSGSEND = YES;
				GCC_C_LANGUAGE_STANDARD = gnu99;
				GCC_WARN_64_TO_32_BIT_CONVERSION = YES;
				GCC_WARN_ABOUT_RETURN_TYPE = YES_ERROR;
				GCC_WARN_UNDECLARED_SELECTOR = YES;
				GCC_WARN_UNINITIALIZED_AUTOS = YES_AGGRESSIVE;
				GCC_WARN_UNUSED_FUNCTION = YES;
				GCC_WARN_UNUSED_VARIABLE = YES;
				IPHONEOS_DEPLOYMENT_TARGET = 8.0;
				MTL_ENABLE_DEBUG_INFO = NO;
				SDKROOT = iphoneos;
				VALIDATE_PRODUCT = YES;
			};
			name = Release;
		};
/* End XCBuildConfiguration section */

/* Begin XCConfigurationList section */
		13B07F931A680F5B00A75B9A /* Build configuration list for PBXNativeTarget "TroisiemePagePrototype1" */ = {
			isa = XCConfigurationList;
			buildConfigurations = (
				13B07F941A680F5B00A75B9A /* Debug */,
				13B07F951A680F5B00A75B9A /* Release */,
			);
			defaultConfigurationIsVisible = 0;
			defaultConfigurationName = Release;
		};
		83CBB9FA1A601CBA00E9B192 /* Build configuration list for PBXProject "TroisiemePagePrototype1" */ = {
			isa = XCConfigurationList;
			buildConfigurations = (
				83CBBA201A601CBA00E9B192 /* Debug */,
				83CBBA211A601CBA00E9B192 /* Release */,
			);
			defaultConfigurationIsVisible = 0;
			defaultConfigurationName = Release;
		};
/* End XCConfigurationList section */
	};
	rootObject = 83CBB9F71A601CBA00E9B192 /* Project object */;
}
